
Microsoft Visual Studio Solution File, Format Version 11.00
# Visual Studio 2010
Project("{FAE04EC0-301F-11D3-BF4B-00C04F79EFBC}") = "XPathNavigatorTest", "XPathNavigatorTest\XPathNavigatorTest.csproj", "{2D1295D0-6D18-4745-B81F-303AD0135FAB}"
EndProject
Project("{FAE04EC0-301F-11D3-BF4B-00C04F79EFBC}") = "XsltViewTest", "XsltViewTest\XsltViewTest.csproj", "{B3BB9492-281A-49CC-BF0C-BC0F51539D4F}"
EndProject
Project("{FAE04EC0-301F-11D3-BF4B-00C04F79EFBC}") = "XsltViewEngine", "XsltViewEngine\XsltViewEngine.csproj", "{870FC79D-E5F6-49C8-9D88-15A51E4DEA09}"
EndProject
Global
	GlobalSection(SolutionConfigurationPlatforms) = preSolution
		Debug|Any CPU = Debug|Any CPU
		Debug|Mixed Platforms = Debug|Mixed Platforms
		Debug|x86 = Debug|x86
		Release|Any CPU = Release|Any CPU
		Release|Mixed Platforms = Release|Mixed Platforms
		Release|x86 = Release|x86
	EndGlobalSection
	GlobalSection(ProjectConfigurationPlatforms) = postSolution
		{2D1295D0-6D18-4745-B81F-303AD0135FAB}.Debug|Any CPU.ActiveCfg = Debug|x86
		{2D1295D0-6D18-4745-B81F-303AD0135FAB}.Debug|Mixed Platforms.ActiveCfg = Debug|x86
		{2D1295D0-6D18-4745-B81F-303AD0135FAB}.Debug|Mixed Platforms.Build.0 = Debug|x86
		{2D1295D0-6D18-4745-B81F-303AD0135FAB}.Debug|x86.ActiveCfg = Debug|x86
		{2D1295D0-6D18-4745-B81F-303AD0135FAB}.Debug|x86.Build.0 = Debug|x86
		{2D1295D0-6D18-4745-B81F-303AD0135FAB}.Release|Any CPU.ActiveCfg = Release|x86
		{2D1295D0-6D18-4745-B81F-303AD0135FAB}.Release|Mixed Platforms.ActiveCfg = Release|x86
		{2D1295D0-6D18-4745-B81F-303AD0135FAB}.Release|Mixed Platforms.Build.0 = Release|x86
		{2D1295D0-6D18-4745-B81F-303AD0135FAB}.Release|x86.ActiveCfg = Release|x86
		{2D1295D0-6D18-4745-B81F-303AD0135FAB}.Release|x86.Build.0 = Release|x86
		{B3BB9492-281A-49CC-BF0C-BC0F51539D4F}.Debug|Any CPU.ActiveCfg = Debug|Any CPU
		{B3BB9492-281A-49CC-BF0C-BC0F51539D4F}.Debug|Any CPU.Build.0 = Debug|Any CPU
		{B3BB9492-281A-49CC-BF0C-BC0F51539D4F}.Debug|Mixed Platforms.ActiveCfg = Debug|Any CPU
		{B3BB9492-281A-49CC-BF0C-BC0F51539D4F}.Debug|Mixed Platforms.Build.0 = Debug|Any CPU
		{B3BB9492-281A-49CC-BF0C-BC0F51539D4F}.Debug|x86.ActiveCfg = Debug|Any CPU
		{B3BB9492-281A-49CC-BF0C-BC0F51539D4F}.Release|Any CPU.ActiveCfg = Release|Any CPU
		{B3BB9492-281A-49CC-BF0C-BC0F51539D4F}.Release|Any CPU.Build.0 = Release|Any CPU
		{B3BB9492-281A-49CC-BF0C-BC0F51539D4F}.Release|Mixed Platforms.ActiveCfg = Release|Any CPU
		{B3BB9492-281A-49CC-BF0C-BC0F51539D4F}.Release|Mixed Platforms.Build.0 = Release|Any CPU
		{B3BB9492-281A-49CC-BF0C-BC0F51539D4F}.Release|x86.ActiveCfg = Release|Any CPU
		{870FC79D-E5F6-49C8-9D88-15A51E4DEA09}.Debug|Any CPU.ActiveCfg = Debug|Any CPU
		{870FC79D-E5F6-49C8-9D88-15A51E4DEA09}.Debug|Any CPU.Build.0 = Debug|Any CPU
		{870FC79D-E5F6-49C8-9D88-15A51E4DEA09}.Debug|Mixed Platforms.ActiveCfg = Debug|Any CPU
		{870FC79D-E5F6-49C8-9D88-15A51E4DEA09}.Debug|Mixed Platforms.Build.0 = Debug|Any CPU
		{870FC79D-E5F6-49C8-9D88-15A51E4DEA09}.Debug|x86.ActiveCfg = Debug|Any CPU
		{870FC79D-E5F6-49C8-9D88-15A51E4DEA09}.Release|Any CPU.ActiveCfg = Release|Any CPU
		{870FC79D-E5F6-49C8-9D88-15A51E4DEA09}.Release|Any CPU.Build.0 = Release|Any CPU
		{870FC79D-E5F6-49C8-9D88-15A51E4DEA09}.Release|Mixed Platforms.ActiveCfg = Release|Any CPU
		{870FC79D-E5F6-49C8-9D88-15A51E4DEA09}.Release|Mixed Platforms.Build.0 = Release|Any CPU
		{870FC79D-E5F6-49C8-9D88-15A51E4DEA09}.Release|x86.ActiveCfg = Release|Any CPU
	EndGlobalSection
	GlobalSection(SolutionProperties) = preSolution
		HideSolutionNode = FALSE
	EndGlobalSection
EndGlobal
