
Microsoft Visual Studio Solution File, Format Version 11.00
# Visual Studio 2010
Project("{2150E333-8FDC-42A3-9474-1A3956D46DE8}") = "Solution Items", "Solution Items", "{212A1FB9-27EC-412F-9DB9-2ACA0350B909}"
	ProjectSection(SolutionItems) = preProject
		Cms.Development.Local.testsettings = Cms.Development.Local.testsettings
		Cms.Development.TraceAndTestImpact.testsettings = Cms.Development.TraceAndTestImpact.testsettings
		Cms.Development.vsd = Cms.Development.vsd
		Cms.Development.vsmdi = Cms.Development.vsmdi
	EndProjectSection
EndProject
Project("{FAE04EC0-301F-11D3-BF4B-00C04F79EFBC}") = "Umbraco.Cms.Web.UI", "Web Apps\Umbraco.CMS.Web.UI\Umbraco.Cms.Web.UI.csproj", "{D17A89C5-54ED-49A4-B07A-14CBFA47E793}"
EndProject
Project("{FAE04EC0-301F-11D3-BF4B-00C04F79EFBC}") = "Umbraco.Cms.Web", "Libraries\Umbraco.CMS.Web\Umbraco.Cms.Web.csproj", "{8F320595-7764-4E31-AEC5-94F1B128EDFE}"
EndProject
Project("{FAE04EC0-301F-11D3-BF4B-00C04F79EFBC}") = "Umbraco.Tests.Cms", "Testing\Umbraco.CMS.Tests\Umbraco.Tests.Cms.csproj", "{4D3D2E41-6977-47B8-BD87-45ABFB7F60D3}"
EndProject
Project("{FAE04EC0-301F-11D3-BF4B-00C04F79EFBC}") = "Umbraco.Cms.Web.PropertyEditors", "Libraries\Umbraco.CMS.Web.PropertyEditors\Umbraco.Cms.Web.PropertyEditors.csproj", "{6E2C1BD8-6652-41B0-9174-D85484AFE703}"
EndProject
Project("{FAE04EC0-301F-11D3-BF4B-00C04F79EFBC}") = "Umbraco.Tests.Extensions", "Testing\Umbraco.TestExtensions\Umbraco.Tests.Extensions.csproj", "{26A70ABF-3C79-463A-A950-DDF5400DFC2A}"
EndProject
Project("{FAE04EC0-301F-11D3-BF4B-00C04F79EFBC}") = "Umbraco.Cms.Web.Trees", "Libraries\Umbraco.CMS.Web.Trees\Umbraco.Cms.Web.Trees.csproj", "{8D847BD0-44E2-428F-9872-3DAF6000EA5F}"
EndProject
Project("{2150E333-8FDC-42A3-9474-1A3956D46DE8}") = "_Tests", "_Tests", "{3F29D317-91A3-491F-963E-4C5E349DD237}"
EndProject
Project("{FAE04EC0-301F-11D3-BF4B-00C04F79EFBC}") = "Umbraco.Cms.Web.EmbeddedViewEngine", "Libraries\Umbraco.CMS.Web.EmbeddedViewEngine\Umbraco.Cms.Web.EmbeddedViewEngine.csproj", "{8F9C0D9E-CD6A-4CA6-84FC-CEE7474988FF}"
EndProject
Project("{FAE04EC0-301F-11D3-BF4B-00C04F79EFBC}") = "Umbraco.Cms.Web.Editors", "Libraries\Umbraco.CMS.Web.Editors\Umbraco.Cms.Web.Editors.csproj", "{340DCA60-FC0D-40E6-AE88-4788D62A0F01}"
EndProject
Project("{FAE04EC0-301F-11D3-BF4B-00C04F79EFBC}") = "Umbraco.Framework", "Libraries\Umbraco.Framework\Umbraco.Framework.csproj", "{6B0F8E7A-FFD4-4C93-9E40-F591383EDB57}"
EndProject
Project("{2150E333-8FDC-42A3-9474-1A3956D46DE8}") = "Framework", "Framework", "{AA754A15-A257-499C-AE34-3101B8C9120A}"
EndProject
Project("{FAE04EC0-301F-11D3-BF4B-00C04F79EFBC}") = "Umbraco.Framework.DependencyManagement.Autofac", "Libraries\Umbraco.Framework.DependencyManagement.Autofac\Umbraco.Framework.DependencyManagement.Autofac.csproj", "{5420EF90-DA2F-405F-A0EC-18FBED4B4438}"
EndProject
Project("{FAE04EC0-301F-11D3-BF4B-00C04F79EFBC}") = "Umbraco.Framework.Persistence", "Libraries\Umbraco.Framework.Persistence\Umbraco.Framework.Persistence.csproj", "{178FC7BB-05AA-4AC1-8A0F-0AB2CBEADD9A}"
EndProject
Project("{FAE04EC0-301F-11D3-BF4B-00C04F79EFBC}") = "Umbraco.Framework.Persistence.NHibernate", "Libraries\Umbraco.Framework.Persistence.NHibernate\Umbraco.Framework.Persistence.NHibernate.csproj", "{E119331A-011C-4EDB-8840-A52AFCDF5CD1}"
EndProject
Project("{2150E333-8FDC-42A3-9474-1A3956D46DE8}") = "Packages", "Packages", "{B7CBF667-299F-431C-9083-33AF96439F9D}"
EndProject
Project("{FAE04EC0-301F-11D3-BF4B-00C04F79EFBC}") = "Umbraco.Cms.Packages.SystemInfo", "Libraries\Umbraco.Cms.Packages.SystemInfo\Umbraco.Cms.Packages.SystemInfo.csproj", "{50CAFAC4-AD8B-41D3-99BF-DB20DCD3CFFE}"
EndProject
Project("{FAE04EC0-301F-11D3-BF4B-00C04F79EFBC}") = "Umbraco.Cms.Web.Tasks", "Libraries\Umbraco.Cms.Web.Tasks\Umbraco.Cms.Web.Tasks.csproj", "{EEFCCA79-0B6B-4A59-8470-D6029B501DFB}"
EndProject
Project("{FAE04EC0-301F-11D3-BF4B-00C04F79EFBC}") = "Umbraco.Cms.Packages.DevDataset", "Libraries\Umbraco.Cms.Packages.DevDataset\Umbraco.Cms.Packages.DevDataset.csproj", "{23078C45-56CA-4F7A-99A2-0B2B677A56E7}"
EndProject
Project("{2150E333-8FDC-42A3-9474-1A3956D46DE8}") = "Hive", "Hive", "{AE7D03D3-6DCF-41F1-915D-8183C8336383}"
EndProject
Project("{FAE04EC0-301F-11D3-BF4B-00C04F79EFBC}") = "Umbraco.Hive", "Libraries\Umbraco.Hive\Umbraco.Hive.csproj", "{8E44FCAB-2597-48F9-8F88-984DD47787C5}"
EndProject
Project("{FAE04EC0-301F-11D3-BF4B-00C04F79EFBC}") = "Umbraco.Hive.Providers.IO", "Libraries\Umbraco.Hive.Providers.IO\Umbraco.Hive.Providers.IO.csproj", "{F685A510-6DF8-4138-9759-B09CF3CF29D6}"
EndProject
Project("{FAE04EC0-301F-11D3-BF4B-00C04F79EFBC}") = "Umbraco.Tests.CoreAndFramework", "Testing\Umbraco.Tests.CoreAndFramework\Umbraco.Tests.CoreAndFramework.csproj", "{9D4DA63D-8664-4602-918E-2F75B94F1BBA}"
EndProject
Project("{2150E333-8FDC-42A3-9474-1A3956D46DE8}") = "Build", "Build", "{A3F21908-ACBB-4278-9761-F4FA31659BB0}"
EndProject
Project("{FAE04EC0-301F-11D3-BF4B-00C04F79EFBC}") = "Umbraco.MSBuild.Tasks", "Libraries\Umbraco.MSBuild.Tasks\Umbraco.MSBuild.Tasks.csproj", "{68AC9679-2439-4DA9-86BC-E36579594EFB}"
EndProject
Project("{FAE04EC0-301F-11D3-BF4B-00C04F79EFBC}") = "Umbraco.Framework.Security", "Libraries\Umbraco.Framework.Security\Umbraco.Framework.Security.csproj", "{72EBBDF6-24FE-4B6D-B1B5-001D8A96AACE}"
EndProject
Project("{FAE04EC0-301F-11D3-BF4B-00C04F79EFBC}") = "Umbraco.Framework.Persistence.Examine", "Libraries\Umbraco.Framework.Persistence.Examine\Umbraco.Framework.Persistence.Examine.csproj", "{B3CD7F2C-D4BE-4731-8D0E-607E571649AD}"
EndProject
Project("{FAE04EC0-301F-11D3-BF4B-00C04F79EFBC}") = "Umbraco.Framework.Testing", "Libraries\Umbraco.Framework.Testing\Umbraco.Framework.Testing.csproj", "{C2E8F096-9E07-429F-B22D-D13D63154893}"
EndProject
Project("{FAE04EC0-301F-11D3-BF4B-00C04F79EFBC}") = "Umbraco.Cms.Web.ParameterEditors", "Libraries\Umbraco.Cms.Web.ParameterEditors\Umbraco.Cms.Web.ParameterEditors.csproj", "{D06CBA96-0135-4132-8CA1-4E171766FAB9}"
EndProject
Project("{FAE04EC0-301F-11D3-BF4B-00C04F79EFBC}") = "Umbraco.Hive.Providers.Membership", "Libraries\Umbraco.Hive.Providers.Membership\Umbraco.Hive.Providers.Membership.csproj", "{0A2B414C-DF72-4C82-B473-F32F6FCC4A42}"
EndProject
Global
	GlobalSection(TestCaseManagementSettings) = postSolution
		CategoryFile = Cms.Development.vsmdi
	EndGlobalSection
	GlobalSection(SolutionConfigurationPlatforms) = preSolution
		Alex-QueryDescriptionStackOnly|Any CPU = Alex-QueryDescriptionStackOnly|Any CPU
		Debug - Tests.Cms Only|Any CPU = Debug - Tests.Cms Only|Any CPU
		Debug - Tests.DomainDesign Only|Any CPU = Debug - Tests.DomainDesign Only|Any CPU
		Debug - Tests.Framework Only|Any CPU = Debug - Tests.Framework Only|Any CPU
		Debug - Web only (No Unit test build)|Any CPU = Debug - Web only (No Unit test build)|Any CPU
		Debug|Any CPU = Debug|Any CPU
		DebugNoTests|Any CPU = DebugNoTests|Any CPU
		DebugPlusNUnitTests|Any CPU = DebugPlusNUnitTests|Any CPU
		Release|Any CPU = Release|Any CPU
		ReleaseNoTests|Any CPU = ReleaseNoTests|Any CPU
	EndGlobalSection
	GlobalSection(ProjectConfigurationPlatforms) = postSolution
		{D17A89C5-54ED-49A4-B07A-14CBFA47E793}.Alex-QueryDescriptionStackOnly|Any CPU.ActiveCfg = Debug|Any CPU
		{D17A89C5-54ED-49A4-B07A-14CBFA47E793}.Debug - Tests.Cms Only|Any CPU.ActiveCfg = Debug|Any CPU
		{D17A89C5-54ED-49A4-B07A-14CBFA47E793}.Debug - Tests.DomainDesign Only|Any CPU.ActiveCfg = Debug|Any CPU
		{D17A89C5-54ED-49A4-B07A-14CBFA47E793}.Debug - Tests.Framework Only|Any CPU.ActiveCfg = Debug|Any CPU
		{D17A89C5-54ED-49A4-B07A-14CBFA47E793}.Debug - Web only (No Unit test build)|Any CPU.ActiveCfg = Debug|Any CPU
		{D17A89C5-54ED-49A4-B07A-14CBFA47E793}.Debug - Web only (No Unit test build)|Any CPU.Build.0 = Debug|Any CPU
		{D17A89C5-54ED-49A4-B07A-14CBFA47E793}.Debug|Any CPU.ActiveCfg = Debug|Any CPU
		{D17A89C5-54ED-49A4-B07A-14CBFA47E793}.Debug|Any CPU.Build.0 = Debug|Any CPU
		{D17A89C5-54ED-49A4-B07A-14CBFA47E793}.DebugNoTests|Any CPU.ActiveCfg = DebugNoTests|Any CPU
		{D17A89C5-54ED-49A4-B07A-14CBFA47E793}.DebugNoTests|Any CPU.Build.0 = DebugNoTests|Any CPU
		{D17A89C5-54ED-49A4-B07A-14CBFA47E793}.DebugPlusNUnitTests|Any CPU.ActiveCfg = Debug|Any CPU
		{D17A89C5-54ED-49A4-B07A-14CBFA47E793}.DebugPlusNUnitTests|Any CPU.Build.0 = Debug|Any CPU
		{D17A89C5-54ED-49A4-B07A-14CBFA47E793}.Release|Any CPU.ActiveCfg = Release|Any CPU
		{D17A89C5-54ED-49A4-B07A-14CBFA47E793}.Release|Any CPU.Build.0 = Release|Any CPU
		{D17A89C5-54ED-49A4-B07A-14CBFA47E793}.ReleaseNoTests|Any CPU.ActiveCfg = Release|Any CPU
		{D17A89C5-54ED-49A4-B07A-14CBFA47E793}.ReleaseNoTests|Any CPU.Build.0 = Release|Any CPU
		{8F320595-7764-4E31-AEC5-94F1B128EDFE}.Alex-QueryDescriptionStackOnly|Any CPU.ActiveCfg = Debug|Any CPU
		{8F320595-7764-4E31-AEC5-94F1B128EDFE}.Debug - Tests.Cms Only|Any CPU.ActiveCfg = Debug|Any CPU
		{8F320595-7764-4E31-AEC5-94F1B128EDFE}.Debug - Tests.Cms Only|Any CPU.Build.0 = Debug|Any CPU
		{8F320595-7764-4E31-AEC5-94F1B128EDFE}.Debug - Tests.DomainDesign Only|Any CPU.ActiveCfg = Debug|Any CPU
		{8F320595-7764-4E31-AEC5-94F1B128EDFE}.Debug - Tests.Framework Only|Any CPU.ActiveCfg = Debug|Any CPU
		{8F320595-7764-4E31-AEC5-94F1B128EDFE}.Debug - Web only (No Unit test build)|Any CPU.ActiveCfg = Debug|Any CPU
		{8F320595-7764-4E31-AEC5-94F1B128EDFE}.Debug - Web only (No Unit test build)|Any CPU.Build.0 = Debug|Any CPU
		{8F320595-7764-4E31-AEC5-94F1B128EDFE}.Debug|Any CPU.ActiveCfg = Debug|Any CPU
		{8F320595-7764-4E31-AEC5-94F1B128EDFE}.Debug|Any CPU.Build.0 = Debug|Any CPU
		{8F320595-7764-4E31-AEC5-94F1B128EDFE}.DebugNoTests|Any CPU.ActiveCfg = DebugNoTests|Any CPU
		{8F320595-7764-4E31-AEC5-94F1B128EDFE}.DebugNoTests|Any CPU.Build.0 = DebugNoTests|Any CPU
		{8F320595-7764-4E31-AEC5-94F1B128EDFE}.DebugPlusNUnitTests|Any CPU.ActiveCfg = Debug|Any CPU
		{8F320595-7764-4E31-AEC5-94F1B128EDFE}.DebugPlusNUnitTests|Any CPU.Build.0 = Debug|Any CPU
		{8F320595-7764-4E31-AEC5-94F1B128EDFE}.Release|Any CPU.ActiveCfg = Release|Any CPU
		{8F320595-7764-4E31-AEC5-94F1B128EDFE}.Release|Any CPU.Build.0 = Release|Any CPU
		{8F320595-7764-4E31-AEC5-94F1B128EDFE}.ReleaseNoTests|Any CPU.ActiveCfg = Release|Any CPU
		{8F320595-7764-4E31-AEC5-94F1B128EDFE}.ReleaseNoTests|Any CPU.Build.0 = Release|Any CPU
		{4D3D2E41-6977-47B8-BD87-45ABFB7F60D3}.Alex-QueryDescriptionStackOnly|Any CPU.ActiveCfg = Debug|Any CPU
		{4D3D2E41-6977-47B8-BD87-45ABFB7F60D3}.Debug - Tests.Cms Only|Any CPU.ActiveCfg = Debug|Any CPU
		{4D3D2E41-6977-47B8-BD87-45ABFB7F60D3}.Debug - Tests.Cms Only|Any CPU.Build.0 = Debug|Any CPU
		{4D3D2E41-6977-47B8-BD87-45ABFB7F60D3}.Debug - Tests.DomainDesign Only|Any CPU.ActiveCfg = Debug|Any CPU
		{4D3D2E41-6977-47B8-BD87-45ABFB7F60D3}.Debug - Tests.Framework Only|Any CPU.ActiveCfg = Debug|Any CPU
		{4D3D2E41-6977-47B8-BD87-45ABFB7F60D3}.Debug - Web only (No Unit test build)|Any CPU.ActiveCfg = Debug|Any CPU
		{4D3D2E41-6977-47B8-BD87-45ABFB7F60D3}.Debug|Any CPU.ActiveCfg = Debug|x86
		{4D3D2E41-6977-47B8-BD87-45ABFB7F60D3}.Debug|Any CPU.Build.0 = Debug|x86
		{4D3D2E41-6977-47B8-BD87-45ABFB7F60D3}.DebugNoTests|Any CPU.ActiveCfg = DebugNoTests|Any CPU
		{4D3D2E41-6977-47B8-BD87-45ABFB7F60D3}.DebugPlusNUnitTests|Any CPU.ActiveCfg = Debug|x86
		{4D3D2E41-6977-47B8-BD87-45ABFB7F60D3}.DebugPlusNUnitTests|Any CPU.Build.0 = Debug|x86
		{4D3D2E41-6977-47B8-BD87-45ABFB7F60D3}.Release|Any CPU.ActiveCfg = Release|x86
		{4D3D2E41-6977-47B8-BD87-45ABFB7F60D3}.Release|Any CPU.Build.0 = Release|x86
		{4D3D2E41-6977-47B8-BD87-45ABFB7F60D3}.ReleaseNoTests|Any CPU.ActiveCfg = Release|Any CPU
		{6E2C1BD8-6652-41B0-9174-D85484AFE703}.Alex-QueryDescriptionStackOnly|Any CPU.ActiveCfg = Debug|Any CPU
		{6E2C1BD8-6652-41B0-9174-D85484AFE703}.Debug - Tests.Cms Only|Any CPU.ActiveCfg = Debug|Any CPU
		{6E2C1BD8-6652-41B0-9174-D85484AFE703}.Debug - Tests.Cms Only|Any CPU.Build.0 = Debug|Any CPU
		{6E2C1BD8-6652-41B0-9174-D85484AFE703}.Debug - Tests.DomainDesign Only|Any CPU.ActiveCfg = Debug|Any CPU
		{6E2C1BD8-6652-41B0-9174-D85484AFE703}.Debug - Tests.Framework Only|Any CPU.ActiveCfg = Debug|Any CPU
		{6E2C1BD8-6652-41B0-9174-D85484AFE703}.Debug - Web only (No Unit test build)|Any CPU.ActiveCfg = Debug|Any CPU
		{6E2C1BD8-6652-41B0-9174-D85484AFE703}.Debug - Web only (No Unit test build)|Any CPU.Build.0 = Debug|Any CPU
		{6E2C1BD8-6652-41B0-9174-D85484AFE703}.Debug|Any CPU.ActiveCfg = Debug|Any CPU
		{6E2C1BD8-6652-41B0-9174-D85484AFE703}.Debug|Any CPU.Build.0 = Debug|Any CPU
		{6E2C1BD8-6652-41B0-9174-D85484AFE703}.DebugNoTests|Any CPU.ActiveCfg = DebugNoTests|Any CPU
		{6E2C1BD8-6652-41B0-9174-D85484AFE703}.DebugNoTests|Any CPU.Build.0 = DebugNoTests|Any CPU
		{6E2C1BD8-6652-41B0-9174-D85484AFE703}.DebugPlusNUnitTests|Any CPU.ActiveCfg = Debug|Any CPU
		{6E2C1BD8-6652-41B0-9174-D85484AFE703}.DebugPlusNUnitTests|Any CPU.Build.0 = Debug|Any CPU
		{6E2C1BD8-6652-41B0-9174-D85484AFE703}.Release|Any CPU.ActiveCfg = Release|Any CPU
		{6E2C1BD8-6652-41B0-9174-D85484AFE703}.Release|Any CPU.Build.0 = Release|Any CPU
		{6E2C1BD8-6652-41B0-9174-D85484AFE703}.ReleaseNoTests|Any CPU.ActiveCfg = Release|Any CPU
		{6E2C1BD8-6652-41B0-9174-D85484AFE703}.ReleaseNoTests|Any CPU.Build.0 = Release|Any CPU
		{26A70ABF-3C79-463A-A950-DDF5400DFC2A}.Alex-QueryDescriptionStackOnly|Any CPU.ActiveCfg = Debug|Any CPU
		{26A70ABF-3C79-463A-A950-DDF5400DFC2A}.Alex-QueryDescriptionStackOnly|Any CPU.Build.0 = Debug|Any CPU
		{26A70ABF-3C79-463A-A950-DDF5400DFC2A}.Debug - Tests.Cms Only|Any CPU.ActiveCfg = Debug|Any CPU
		{26A70ABF-3C79-463A-A950-DDF5400DFC2A}.Debug - Tests.Cms Only|Any CPU.Build.0 = Debug|Any CPU
		{26A70ABF-3C79-463A-A950-DDF5400DFC2A}.Debug - Tests.DomainDesign Only|Any CPU.ActiveCfg = Debug|Any CPU
		{26A70ABF-3C79-463A-A950-DDF5400DFC2A}.Debug - Tests.DomainDesign Only|Any CPU.Build.0 = Debug|Any CPU
		{26A70ABF-3C79-463A-A950-DDF5400DFC2A}.Debug - Tests.Framework Only|Any CPU.ActiveCfg = Debug|Any CPU
		{26A70ABF-3C79-463A-A950-DDF5400DFC2A}.Debug - Tests.Framework Only|Any CPU.Build.0 = Debug|Any CPU
		{26A70ABF-3C79-463A-A950-DDF5400DFC2A}.Debug - Web only (No Unit test build)|Any CPU.ActiveCfg = Debug|Any CPU
		{26A70ABF-3C79-463A-A950-DDF5400DFC2A}.Debug|Any CPU.ActiveCfg = Debug|Any CPU
		{26A70ABF-3C79-463A-A950-DDF5400DFC2A}.Debug|Any CPU.Build.0 = Debug|Any CPU
		{26A70ABF-3C79-463A-A950-DDF5400DFC2A}.DebugNoTests|Any CPU.ActiveCfg = DebugNoTests|Any CPU
		{26A70ABF-3C79-463A-A950-DDF5400DFC2A}.DebugPlusNUnitTests|Any CPU.ActiveCfg = Debug|Any CPU
		{26A70ABF-3C79-463A-A950-DDF5400DFC2A}.DebugPlusNUnitTests|Any CPU.Build.0 = Debug|Any CPU
		{26A70ABF-3C79-463A-A950-DDF5400DFC2A}.Release|Any CPU.ActiveCfg = Release|Any CPU
		{26A70ABF-3C79-463A-A950-DDF5400DFC2A}.Release|Any CPU.Build.0 = Release|Any CPU
		{26A70ABF-3C79-463A-A950-DDF5400DFC2A}.ReleaseNoTests|Any CPU.ActiveCfg = Release|Any CPU
		{8D847BD0-44E2-428F-9872-3DAF6000EA5F}.Alex-QueryDescriptionStackOnly|Any CPU.ActiveCfg = Debug|Any CPU
		{8D847BD0-44E2-428F-9872-3DAF6000EA5F}.Debug - Tests.Cms Only|Any CPU.ActiveCfg = Debug|Any CPU
		{8D847BD0-44E2-428F-9872-3DAF6000EA5F}.Debug - Tests.DomainDesign Only|Any CPU.ActiveCfg = Debug|Any CPU
		{8D847BD0-44E2-428F-9872-3DAF6000EA5F}.Debug - Tests.Framework Only|Any CPU.ActiveCfg = Debug|Any CPU
		{8D847BD0-44E2-428F-9872-3DAF6000EA5F}.Debug - Web only (No Unit test build)|Any CPU.ActiveCfg = Debug|Any CPU
		{8D847BD0-44E2-428F-9872-3DAF6000EA5F}.Debug - Web only (No Unit test build)|Any CPU.Build.0 = Debug|Any CPU
		{8D847BD0-44E2-428F-9872-3DAF6000EA5F}.Debug|Any CPU.ActiveCfg = Debug|Any CPU
		{8D847BD0-44E2-428F-9872-3DAF6000EA5F}.Debug|Any CPU.Build.0 = Debug|Any CPU
		{8D847BD0-44E2-428F-9872-3DAF6000EA5F}.DebugNoTests|Any CPU.ActiveCfg = DebugNoTests|Any CPU
		{8D847BD0-44E2-428F-9872-3DAF6000EA5F}.DebugNoTests|Any CPU.Build.0 = DebugNoTests|Any CPU
		{8D847BD0-44E2-428F-9872-3DAF6000EA5F}.DebugPlusNUnitTests|Any CPU.ActiveCfg = Debug|Any CPU
		{8D847BD0-44E2-428F-9872-3DAF6000EA5F}.DebugPlusNUnitTests|Any CPU.Build.0 = Debug|Any CPU
		{8D847BD0-44E2-428F-9872-3DAF6000EA5F}.Release|Any CPU.ActiveCfg = Release|Any CPU
		{8D847BD0-44E2-428F-9872-3DAF6000EA5F}.Release|Any CPU.Build.0 = Release|Any CPU
		{8D847BD0-44E2-428F-9872-3DAF6000EA5F}.ReleaseNoTests|Any CPU.ActiveCfg = Release|Any CPU
		{8D847BD0-44E2-428F-9872-3DAF6000EA5F}.ReleaseNoTests|Any CPU.Build.0 = Release|Any CPU
		{8F9C0D9E-CD6A-4CA6-84FC-CEE7474988FF}.Alex-QueryDescriptionStackOnly|Any CPU.ActiveCfg = Debug|Any CPU
		{8F9C0D9E-CD6A-4CA6-84FC-CEE7474988FF}.Debug - Tests.Cms Only|Any CPU.ActiveCfg = Debug|Any CPU
		{8F9C0D9E-CD6A-4CA6-84FC-CEE7474988FF}.Debug - Tests.Cms Only|Any CPU.Build.0 = Debug|Any CPU
		{8F9C0D9E-CD6A-4CA6-84FC-CEE7474988FF}.Debug - Tests.DomainDesign Only|Any CPU.ActiveCfg = Debug|Any CPU
		{8F9C0D9E-CD6A-4CA6-84FC-CEE7474988FF}.Debug - Tests.Framework Only|Any CPU.ActiveCfg = Debug|Any CPU
		{8F9C0D9E-CD6A-4CA6-84FC-CEE7474988FF}.Debug - Web only (No Unit test build)|Any CPU.ActiveCfg = Debug|Any CPU
		{8F9C0D9E-CD6A-4CA6-84FC-CEE7474988FF}.Debug - Web only (No Unit test build)|Any CPU.Build.0 = Debug|Any CPU
		{8F9C0D9E-CD6A-4CA6-84FC-CEE7474988FF}.Debug|Any CPU.ActiveCfg = Debug|Any CPU
		{8F9C0D9E-CD6A-4CA6-84FC-CEE7474988FF}.Debug|Any CPU.Build.0 = Debug|Any CPU
		{8F9C0D9E-CD6A-4CA6-84FC-CEE7474988FF}.DebugNoTests|Any CPU.ActiveCfg = DebugNoTests|Any CPU
		{8F9C0D9E-CD6A-4CA6-84FC-CEE7474988FF}.DebugNoTests|Any CPU.Build.0 = DebugNoTests|Any CPU
		{8F9C0D9E-CD6A-4CA6-84FC-CEE7474988FF}.DebugPlusNUnitTests|Any CPU.ActiveCfg = Debug|Any CPU
		{8F9C0D9E-CD6A-4CA6-84FC-CEE7474988FF}.DebugPlusNUnitTests|Any CPU.Build.0 = Debug|Any CPU
		{8F9C0D9E-CD6A-4CA6-84FC-CEE7474988FF}.Release|Any CPU.ActiveCfg = Release|Any CPU
		{8F9C0D9E-CD6A-4CA6-84FC-CEE7474988FF}.Release|Any CPU.Build.0 = Release|Any CPU
		{8F9C0D9E-CD6A-4CA6-84FC-CEE7474988FF}.ReleaseNoTests|Any CPU.ActiveCfg = Release|Any CPU
		{8F9C0D9E-CD6A-4CA6-84FC-CEE7474988FF}.ReleaseNoTests|Any CPU.Build.0 = Release|Any CPU
		{340DCA60-FC0D-40E6-AE88-4788D62A0F01}.Alex-QueryDescriptionStackOnly|Any CPU.ActiveCfg = Debug|Any CPU
		{340DCA60-FC0D-40E6-AE88-4788D62A0F01}.Debug - Tests.Cms Only|Any CPU.ActiveCfg = Debug|Any CPU
		{340DCA60-FC0D-40E6-AE88-4788D62A0F01}.Debug - Tests.Cms Only|Any CPU.Build.0 = Debug|Any CPU
		{340DCA60-FC0D-40E6-AE88-4788D62A0F01}.Debug - Tests.DomainDesign Only|Any CPU.ActiveCfg = Debug|Any CPU
		{340DCA60-FC0D-40E6-AE88-4788D62A0F01}.Debug - Tests.Framework Only|Any CPU.ActiveCfg = Debug|Any CPU
		{340DCA60-FC0D-40E6-AE88-4788D62A0F01}.Debug - Web only (No Unit test build)|Any CPU.ActiveCfg = Debug|Any CPU
		{340DCA60-FC0D-40E6-AE88-4788D62A0F01}.Debug - Web only (No Unit test build)|Any CPU.Build.0 = Debug|Any CPU
		{340DCA60-FC0D-40E6-AE88-4788D62A0F01}.Debug|Any CPU.ActiveCfg = Debug|Any CPU
		{340DCA60-FC0D-40E6-AE88-4788D62A0F01}.Debug|Any CPU.Build.0 = Debug|Any CPU
		{340DCA60-FC0D-40E6-AE88-4788D62A0F01}.DebugNoTests|Any CPU.ActiveCfg = DebugNoTests|Any CPU
		{340DCA60-FC0D-40E6-AE88-4788D62A0F01}.DebugNoTests|Any CPU.Build.0 = DebugNoTests|Any CPU
		{340DCA60-FC0D-40E6-AE88-4788D62A0F01}.DebugPlusNUnitTests|Any CPU.ActiveCfg = Debug|Any CPU
		{340DCA60-FC0D-40E6-AE88-4788D62A0F01}.DebugPlusNUnitTests|Any CPU.Build.0 = Debug|Any CPU
		{340DCA60-FC0D-40E6-AE88-4788D62A0F01}.Release|Any CPU.ActiveCfg = Release|Any CPU
		{340DCA60-FC0D-40E6-AE88-4788D62A0F01}.Release|Any CPU.Build.0 = Release|Any CPU
		{340DCA60-FC0D-40E6-AE88-4788D62A0F01}.ReleaseNoTests|Any CPU.ActiveCfg = Release|Any CPU
		{340DCA60-FC0D-40E6-AE88-4788D62A0F01}.ReleaseNoTests|Any CPU.Build.0 = Release|Any CPU
		{6B0F8E7A-FFD4-4C93-9E40-F591383EDB57}.Alex-QueryDescriptionStackOnly|Any CPU.ActiveCfg = Debug|Any CPU
		{6B0F8E7A-FFD4-4C93-9E40-F591383EDB57}.Alex-QueryDescriptionStackOnly|Any CPU.Build.0 = Debug|Any CPU
		{6B0F8E7A-FFD4-4C93-9E40-F591383EDB57}.Debug - Tests.Cms Only|Any CPU.ActiveCfg = Debug|Any CPU
		{6B0F8E7A-FFD4-4C93-9E40-F591383EDB57}.Debug - Tests.Cms Only|Any CPU.Build.0 = Debug|Any CPU
		{6B0F8E7A-FFD4-4C93-9E40-F591383EDB57}.Debug - Tests.DomainDesign Only|Any CPU.ActiveCfg = Debug|Any CPU
		{6B0F8E7A-FFD4-4C93-9E40-F591383EDB57}.Debug - Tests.DomainDesign Only|Any CPU.Build.0 = Debug|Any CPU
		{6B0F8E7A-FFD4-4C93-9E40-F591383EDB57}.Debug - Tests.Framework Only|Any CPU.ActiveCfg = Debug|Any CPU
		{6B0F8E7A-FFD4-4C93-9E40-F591383EDB57}.Debug - Tests.Framework Only|Any CPU.Build.0 = Debug|Any CPU
		{6B0F8E7A-FFD4-4C93-9E40-F591383EDB57}.Debug - Web only (No Unit test build)|Any CPU.ActiveCfg = Debug|Any CPU
		{6B0F8E7A-FFD4-4C93-9E40-F591383EDB57}.Debug - Web only (No Unit test build)|Any CPU.Build.0 = Debug|Any CPU
		{6B0F8E7A-FFD4-4C93-9E40-F591383EDB57}.Debug|Any CPU.ActiveCfg = Debug|Any CPU
		{6B0F8E7A-FFD4-4C93-9E40-F591383EDB57}.Debug|Any CPU.Build.0 = Debug|Any CPU
		{6B0F8E7A-FFD4-4C93-9E40-F591383EDB57}.DebugNoTests|Any CPU.ActiveCfg = DebugNoTests|Any CPU
		{6B0F8E7A-FFD4-4C93-9E40-F591383EDB57}.DebugNoTests|Any CPU.Build.0 = DebugNoTests|Any CPU
		{6B0F8E7A-FFD4-4C93-9E40-F591383EDB57}.DebugPlusNUnitTests|Any CPU.ActiveCfg = Debug|Any CPU
		{6B0F8E7A-FFD4-4C93-9E40-F591383EDB57}.DebugPlusNUnitTests|Any CPU.Build.0 = Debug|Any CPU
		{6B0F8E7A-FFD4-4C93-9E40-F591383EDB57}.Release|Any CPU.ActiveCfg = Release|Any CPU
		{6B0F8E7A-FFD4-4C93-9E40-F591383EDB57}.Release|Any CPU.Build.0 = Release|Any CPU
		{6B0F8E7A-FFD4-4C93-9E40-F591383EDB57}.ReleaseNoTests|Any CPU.ActiveCfg = Release|Any CPU
		{6B0F8E7A-FFD4-4C93-9E40-F591383EDB57}.ReleaseNoTests|Any CPU.Build.0 = Release|Any CPU
		{5420EF90-DA2F-405F-A0EC-18FBED4B4438}.Alex-QueryDescriptionStackOnly|Any CPU.ActiveCfg = Debug|Any CPU
		{5420EF90-DA2F-405F-A0EC-18FBED4B4438}.Alex-QueryDescriptionStackOnly|Any CPU.Build.0 = Debug|Any CPU
		{5420EF90-DA2F-405F-A0EC-18FBED4B4438}.Debug - Tests.Cms Only|Any CPU.ActiveCfg = Debug|Any CPU
		{5420EF90-DA2F-405F-A0EC-18FBED4B4438}.Debug - Tests.DomainDesign Only|Any CPU.ActiveCfg = Debug|Any CPU
		{5420EF90-DA2F-405F-A0EC-18FBED4B4438}.Debug - Tests.Framework Only|Any CPU.ActiveCfg = Debug|Any CPU
		{5420EF90-DA2F-405F-A0EC-18FBED4B4438}.Debug - Web only (No Unit test build)|Any CPU.ActiveCfg = Debug|Any CPU
		{5420EF90-DA2F-405F-A0EC-18FBED4B4438}.Debug - Web only (No Unit test build)|Any CPU.Build.0 = Debug|Any CPU
		{5420EF90-DA2F-405F-A0EC-18FBED4B4438}.Debug|Any CPU.ActiveCfg = Debug|Any CPU
		{5420EF90-DA2F-405F-A0EC-18FBED4B4438}.Debug|Any CPU.Build.0 = Debug|Any CPU
		{5420EF90-DA2F-405F-A0EC-18FBED4B4438}.DebugNoTests|Any CPU.ActiveCfg = DebugNoTests|Any CPU
		{5420EF90-DA2F-405F-A0EC-18FBED4B4438}.DebugNoTests|Any CPU.Build.0 = DebugNoTests|Any CPU
		{5420EF90-DA2F-405F-A0EC-18FBED4B4438}.DebugPlusNUnitTests|Any CPU.ActiveCfg = Debug|Any CPU
		{5420EF90-DA2F-405F-A0EC-18FBED4B4438}.DebugPlusNUnitTests|Any CPU.Build.0 = Debug|Any CPU
		{5420EF90-DA2F-405F-A0EC-18FBED4B4438}.Release|Any CPU.ActiveCfg = Release|Any CPU
		{5420EF90-DA2F-405F-A0EC-18FBED4B4438}.Release|Any CPU.Build.0 = Release|Any CPU
		{5420EF90-DA2F-405F-A0EC-18FBED4B4438}.ReleaseNoTests|Any CPU.ActiveCfg = Release|Any CPU
		{5420EF90-DA2F-405F-A0EC-18FBED4B4438}.ReleaseNoTests|Any CPU.Build.0 = Release|Any CPU
		{178FC7BB-05AA-4AC1-8A0F-0AB2CBEADD9A}.Alex-QueryDescriptionStackOnly|Any CPU.ActiveCfg = Debug|Any CPU
		{178FC7BB-05AA-4AC1-8A0F-0AB2CBEADD9A}.Alex-QueryDescriptionStackOnly|Any CPU.Build.0 = Debug|Any CPU
		{178FC7BB-05AA-4AC1-8A0F-0AB2CBEADD9A}.Debug - Tests.Cms Only|Any CPU.ActiveCfg = Debug|Any CPU
		{178FC7BB-05AA-4AC1-8A0F-0AB2CBEADD9A}.Debug - Tests.Cms Only|Any CPU.Build.0 = Debug|Any CPU
		{178FC7BB-05AA-4AC1-8A0F-0AB2CBEADD9A}.Debug - Tests.DomainDesign Only|Any CPU.ActiveCfg = Debug|Any CPU
		{178FC7BB-05AA-4AC1-8A0F-0AB2CBEADD9A}.Debug - Tests.DomainDesign Only|Any CPU.Build.0 = Debug|Any CPU
		{178FC7BB-05AA-4AC1-8A0F-0AB2CBEADD9A}.Debug - Tests.Framework Only|Any CPU.ActiveCfg = Debug|Any CPU
		{178FC7BB-05AA-4AC1-8A0F-0AB2CBEADD9A}.Debug - Tests.Framework Only|Any CPU.Build.0 = Debug|Any CPU
		{178FC7BB-05AA-4AC1-8A0F-0AB2CBEADD9A}.Debug - Web only (No Unit test build)|Any CPU.ActiveCfg = Debug|Any CPU
		{178FC7BB-05AA-4AC1-8A0F-0AB2CBEADD9A}.Debug - Web only (No Unit test build)|Any CPU.Build.0 = Debug|Any CPU
		{178FC7BB-05AA-4AC1-8A0F-0AB2CBEADD9A}.Debug|Any CPU.ActiveCfg = Debug|Any CPU
		{178FC7BB-05AA-4AC1-8A0F-0AB2CBEADD9A}.Debug|Any CPU.Build.0 = Debug|Any CPU
		{178FC7BB-05AA-4AC1-8A0F-0AB2CBEADD9A}.DebugNoTests|Any CPU.ActiveCfg = DebugNoTests|Any CPU
		{178FC7BB-05AA-4AC1-8A0F-0AB2CBEADD9A}.DebugNoTests|Any CPU.Build.0 = DebugNoTests|Any CPU
		{178FC7BB-05AA-4AC1-8A0F-0AB2CBEADD9A}.DebugPlusNUnitTests|Any CPU.ActiveCfg = Debug|Any CPU
		{178FC7BB-05AA-4AC1-8A0F-0AB2CBEADD9A}.DebugPlusNUnitTests|Any CPU.Build.0 = Debug|Any CPU
		{178FC7BB-05AA-4AC1-8A0F-0AB2CBEADD9A}.Release|Any CPU.ActiveCfg = Release|Any CPU
		{178FC7BB-05AA-4AC1-8A0F-0AB2CBEADD9A}.Release|Any CPU.Build.0 = Release|Any CPU
		{178FC7BB-05AA-4AC1-8A0F-0AB2CBEADD9A}.ReleaseNoTests|Any CPU.ActiveCfg = Release|Any CPU
		{178FC7BB-05AA-4AC1-8A0F-0AB2CBEADD9A}.ReleaseNoTests|Any CPU.Build.0 = Release|Any CPU
		{E119331A-011C-4EDB-8840-A52AFCDF5CD1}.Alex-QueryDescriptionStackOnly|Any CPU.ActiveCfg = Debug|Any CPU
		{E119331A-011C-4EDB-8840-A52AFCDF5CD1}.Alex-QueryDescriptionStackOnly|Any CPU.Build.0 = Debug|Any CPU
		{E119331A-011C-4EDB-8840-A52AFCDF5CD1}.Debug - Tests.Cms Only|Any CPU.ActiveCfg = Debug|Any CPU
		{E119331A-011C-4EDB-8840-A52AFCDF5CD1}.Debug - Tests.DomainDesign Only|Any CPU.ActiveCfg = Debug|Any CPU
		{E119331A-011C-4EDB-8840-A52AFCDF5CD1}.Debug - Tests.DomainDesign Only|Any CPU.Build.0 = Debug|Any CPU
		{E119331A-011C-4EDB-8840-A52AFCDF5CD1}.Debug - Tests.Framework Only|Any CPU.ActiveCfg = Debug|Any CPU
		{E119331A-011C-4EDB-8840-A52AFCDF5CD1}.Debug - Web only (No Unit test build)|Any CPU.ActiveCfg = Debug|Any CPU
		{E119331A-011C-4EDB-8840-A52AFCDF5CD1}.Debug - Web only (No Unit test build)|Any CPU.Build.0 = Debug|Any CPU
		{E119331A-011C-4EDB-8840-A52AFCDF5CD1}.Debug|Any CPU.ActiveCfg = Debug|Any CPU
		{E119331A-011C-4EDB-8840-A52AFCDF5CD1}.Debug|Any CPU.Build.0 = Debug|Any CPU
		{E119331A-011C-4EDB-8840-A52AFCDF5CD1}.DebugNoTests|Any CPU.ActiveCfg = DebugNoTests|Any CPU
		{E119331A-011C-4EDB-8840-A52AFCDF5CD1}.DebugNoTests|Any CPU.Build.0 = DebugNoTests|Any CPU
		{E119331A-011C-4EDB-8840-A52AFCDF5CD1}.DebugPlusNUnitTests|Any CPU.ActiveCfg = Debug|Any CPU
		{E119331A-011C-4EDB-8840-A52AFCDF5CD1}.DebugPlusNUnitTests|Any CPU.Build.0 = Debug|Any CPU
		{E119331A-011C-4EDB-8840-A52AFCDF5CD1}.Release|Any CPU.ActiveCfg = Release|Any CPU
		{E119331A-011C-4EDB-8840-A52AFCDF5CD1}.Release|Any CPU.Build.0 = Release|Any CPU
		{E119331A-011C-4EDB-8840-A52AFCDF5CD1}.ReleaseNoTests|Any CPU.ActiveCfg = Release|Any CPU
		{E119331A-011C-4EDB-8840-A52AFCDF5CD1}.ReleaseNoTests|Any CPU.Build.0 = Release|Any CPU
		{50CAFAC4-AD8B-41D3-99BF-DB20DCD3CFFE}.Alex-QueryDescriptionStackOnly|Any CPU.ActiveCfg = Debug|Any CPU
		{50CAFAC4-AD8B-41D3-99BF-DB20DCD3CFFE}.Debug - Tests.Cms Only|Any CPU.ActiveCfg = Debug|Any CPU
		{50CAFAC4-AD8B-41D3-99BF-DB20DCD3CFFE}.Debug - Tests.DomainDesign Only|Any CPU.ActiveCfg = Debug|Any CPU
		{50CAFAC4-AD8B-41D3-99BF-DB20DCD3CFFE}.Debug - Tests.Framework Only|Any CPU.ActiveCfg = Debug|Any CPU
		{50CAFAC4-AD8B-41D3-99BF-DB20DCD3CFFE}.Debug - Web only (No Unit test build)|Any CPU.ActiveCfg = Debug|Any CPU
		{50CAFAC4-AD8B-41D3-99BF-DB20DCD3CFFE}.Debug - Web only (No Unit test build)|Any CPU.Build.0 = Debug|Any CPU
		{50CAFAC4-AD8B-41D3-99BF-DB20DCD3CFFE}.Debug|Any CPU.ActiveCfg = Debug|Any CPU
		{50CAFAC4-AD8B-41D3-99BF-DB20DCD3CFFE}.Debug|Any CPU.Build.0 = Debug|Any CPU
		{50CAFAC4-AD8B-41D3-99BF-DB20DCD3CFFE}.DebugNoTests|Any CPU.ActiveCfg = DebugNoTests|Any CPU
		{50CAFAC4-AD8B-41D3-99BF-DB20DCD3CFFE}.DebugNoTests|Any CPU.Build.0 = DebugNoTests|Any CPU
		{50CAFAC4-AD8B-41D3-99BF-DB20DCD3CFFE}.DebugPlusNUnitTests|Any CPU.ActiveCfg = Debug|Any CPU
		{50CAFAC4-AD8B-41D3-99BF-DB20DCD3CFFE}.DebugPlusNUnitTests|Any CPU.Build.0 = Debug|Any CPU
		{50CAFAC4-AD8B-41D3-99BF-DB20DCD3CFFE}.Release|Any CPU.ActiveCfg = Release|Any CPU
		{50CAFAC4-AD8B-41D3-99BF-DB20DCD3CFFE}.Release|Any CPU.Build.0 = Release|Any CPU
		{50CAFAC4-AD8B-41D3-99BF-DB20DCD3CFFE}.ReleaseNoTests|Any CPU.ActiveCfg = Release|Any CPU
		{50CAFAC4-AD8B-41D3-99BF-DB20DCD3CFFE}.ReleaseNoTests|Any CPU.Build.0 = Release|Any CPU
		{EEFCCA79-0B6B-4A59-8470-D6029B501DFB}.Alex-QueryDescriptionStackOnly|Any CPU.ActiveCfg = Debug|Any CPU
		{EEFCCA79-0B6B-4A59-8470-D6029B501DFB}.Debug - Tests.Cms Only|Any CPU.ActiveCfg = Debug|Any CPU
		{EEFCCA79-0B6B-4A59-8470-D6029B501DFB}.Debug - Tests.DomainDesign Only|Any CPU.ActiveCfg = Debug|Any CPU
		{EEFCCA79-0B6B-4A59-8470-D6029B501DFB}.Debug - Tests.Framework Only|Any CPU.ActiveCfg = Debug|Any CPU
		{EEFCCA79-0B6B-4A59-8470-D6029B501DFB}.Debug - Web only (No Unit test build)|Any CPU.ActiveCfg = Debug|Any CPU
		{EEFCCA79-0B6B-4A59-8470-D6029B501DFB}.Debug - Web only (No Unit test build)|Any CPU.Build.0 = Debug|Any CPU
		{EEFCCA79-0B6B-4A59-8470-D6029B501DFB}.Debug|Any CPU.ActiveCfg = Debug|Any CPU
		{EEFCCA79-0B6B-4A59-8470-D6029B501DFB}.Debug|Any CPU.Build.0 = Debug|Any CPU
		{EEFCCA79-0B6B-4A59-8470-D6029B501DFB}.DebugNoTests|Any CPU.ActiveCfg = DebugNoTests|Any CPU
		{EEFCCA79-0B6B-4A59-8470-D6029B501DFB}.DebugNoTests|Any CPU.Build.0 = DebugNoTests|Any CPU
		{EEFCCA79-0B6B-4A59-8470-D6029B501DFB}.DebugPlusNUnitTests|Any CPU.ActiveCfg = Debug|Any CPU
		{EEFCCA79-0B6B-4A59-8470-D6029B501DFB}.DebugPlusNUnitTests|Any CPU.Build.0 = Debug|Any CPU
		{EEFCCA79-0B6B-4A59-8470-D6029B501DFB}.Release|Any CPU.ActiveCfg = Release|Any CPU
		{EEFCCA79-0B6B-4A59-8470-D6029B501DFB}.Release|Any CPU.Build.0 = Release|Any CPU
		{EEFCCA79-0B6B-4A59-8470-D6029B501DFB}.ReleaseNoTests|Any CPU.ActiveCfg = Release|Any CPU
		{EEFCCA79-0B6B-4A59-8470-D6029B501DFB}.ReleaseNoTests|Any CPU.Build.0 = Release|Any CPU
		{23078C45-56CA-4F7A-99A2-0B2B677A56E7}.Alex-QueryDescriptionStackOnly|Any CPU.ActiveCfg = Release|Any CPU
		{23078C45-56CA-4F7A-99A2-0B2B677A56E7}.Alex-QueryDescriptionStackOnly|Any CPU.Build.0 = Release|Any CPU
		{23078C45-56CA-4F7A-99A2-0B2B677A56E7}.Debug - Tests.Cms Only|Any CPU.ActiveCfg = Debug|Any CPU
		{23078C45-56CA-4F7A-99A2-0B2B677A56E7}.Debug - Tests.DomainDesign Only|Any CPU.ActiveCfg = Debug|Any CPU
		{23078C45-56CA-4F7A-99A2-0B2B677A56E7}.Debug - Tests.Framework Only|Any CPU.ActiveCfg = Debug|Any CPU
		{23078C45-56CA-4F7A-99A2-0B2B677A56E7}.Debug - Web only (No Unit test build)|Any CPU.ActiveCfg = Debug|Any CPU
		{23078C45-56CA-4F7A-99A2-0B2B677A56E7}.Debug|Any CPU.ActiveCfg = Debug|Any CPU
		{23078C45-56CA-4F7A-99A2-0B2B677A56E7}.Debug|Any CPU.Build.0 = Debug|Any CPU
		{23078C45-56CA-4F7A-99A2-0B2B677A56E7}.DebugNoTests|Any CPU.ActiveCfg = DebugNoTests|Any CPU
		{23078C45-56CA-4F7A-99A2-0B2B677A56E7}.DebugNoTests|Any CPU.Build.0 = DebugNoTests|Any CPU
		{23078C45-56CA-4F7A-99A2-0B2B677A56E7}.DebugPlusNUnitTests|Any CPU.ActiveCfg = Debug|Any CPU
		{23078C45-56CA-4F7A-99A2-0B2B677A56E7}.DebugPlusNUnitTests|Any CPU.Build.0 = Debug|Any CPU
		{23078C45-56CA-4F7A-99A2-0B2B677A56E7}.Release|Any CPU.ActiveCfg = Release|Any CPU
		{23078C45-56CA-4F7A-99A2-0B2B677A56E7}.Release|Any CPU.Build.0 = Release|Any CPU
		{23078C45-56CA-4F7A-99A2-0B2B677A56E7}.ReleaseNoTests|Any CPU.ActiveCfg = Release|Any CPU
		{23078C45-56CA-4F7A-99A2-0B2B677A56E7}.ReleaseNoTests|Any CPU.Build.0 = Release|Any CPU
		{8E44FCAB-2597-48F9-8F88-984DD47787C5}.Alex-QueryDescriptionStackOnly|Any CPU.ActiveCfg = Release|Any CPU
		{8E44FCAB-2597-48F9-8F88-984DD47787C5}.Alex-QueryDescriptionStackOnly|Any CPU.Build.0 = Release|Any CPU
		{8E44FCAB-2597-48F9-8F88-984DD47787C5}.Debug - Tests.Cms Only|Any CPU.ActiveCfg = Debug|Any CPU
		{8E44FCAB-2597-48F9-8F88-984DD47787C5}.Debug - Tests.Cms Only|Any CPU.Build.0 = Debug|Any CPU
		{8E44FCAB-2597-48F9-8F88-984DD47787C5}.Debug - Tests.DomainDesign Only|Any CPU.ActiveCfg = Debug|Any CPU
		{8E44FCAB-2597-48F9-8F88-984DD47787C5}.Debug - Tests.DomainDesign Only|Any CPU.Build.0 = Debug|Any CPU
		{8E44FCAB-2597-48F9-8F88-984DD47787C5}.Debug - Tests.Framework Only|Any CPU.ActiveCfg = Debug|Any CPU
		{8E44FCAB-2597-48F9-8F88-984DD47787C5}.Debug - Tests.Framework Only|Any CPU.Build.0 = Debug|Any CPU
		{8E44FCAB-2597-48F9-8F88-984DD47787C5}.Debug - Web only (No Unit test build)|Any CPU.ActiveCfg = Debug|Any CPU
		{8E44FCAB-2597-48F9-8F88-984DD47787C5}.Debug - Web only (No Unit test build)|Any CPU.Build.0 = Debug|Any CPU
		{8E44FCAB-2597-48F9-8F88-984DD47787C5}.Debug|Any CPU.ActiveCfg = Debug|Any CPU
		{8E44FCAB-2597-48F9-8F88-984DD47787C5}.Debug|Any CPU.Build.0 = Debug|Any CPU
		{8E44FCAB-2597-48F9-8F88-984DD47787C5}.DebugNoTests|Any CPU.ActiveCfg = Debug|Any CPU
		{8E44FCAB-2597-48F9-8F88-984DD47787C5}.DebugNoTests|Any CPU.Build.0 = Debug|Any CPU
		{8E44FCAB-2597-48F9-8F88-984DD47787C5}.DebugPlusNUnitTests|Any CPU.ActiveCfg = Debug|Any CPU
		{8E44FCAB-2597-48F9-8F88-984DD47787C5}.DebugPlusNUnitTests|Any CPU.Build.0 = Debug|Any CPU
		{8E44FCAB-2597-48F9-8F88-984DD47787C5}.Release|Any CPU.ActiveCfg = Release|Any CPU
		{8E44FCAB-2597-48F9-8F88-984DD47787C5}.Release|Any CPU.Build.0 = Release|Any CPU
		{8E44FCAB-2597-48F9-8F88-984DD47787C5}.ReleaseNoTests|Any CPU.ActiveCfg = Release|Any CPU
		{8E44FCAB-2597-48F9-8F88-984DD47787C5}.ReleaseNoTests|Any CPU.Build.0 = Release|Any CPU
		{F685A510-6DF8-4138-9759-B09CF3CF29D6}.Alex-QueryDescriptionStackOnly|Any CPU.ActiveCfg = Release|Any CPU
		{F685A510-6DF8-4138-9759-B09CF3CF29D6}.Alex-QueryDescriptionStackOnly|Any CPU.Build.0 = Release|Any CPU
		{F685A510-6DF8-4138-9759-B09CF3CF29D6}.Debug - Tests.Cms Only|Any CPU.ActiveCfg = Debug|Any CPU
		{F685A510-6DF8-4138-9759-B09CF3CF29D6}.Debug - Tests.Cms Only|Any CPU.Build.0 = Debug|Any CPU
		{F685A510-6DF8-4138-9759-B09CF3CF29D6}.Debug - Tests.DomainDesign Only|Any CPU.ActiveCfg = Debug|Any CPU
		{F685A510-6DF8-4138-9759-B09CF3CF29D6}.Debug - Tests.DomainDesign Only|Any CPU.Build.0 = Debug|Any CPU
		{F685A510-6DF8-4138-9759-B09CF3CF29D6}.Debug - Tests.Framework Only|Any CPU.ActiveCfg = Debug|Any CPU
		{F685A510-6DF8-4138-9759-B09CF3CF29D6}.Debug - Tests.Framework Only|Any CPU.Build.0 = Debug|Any CPU
		{F685A510-6DF8-4138-9759-B09CF3CF29D6}.Debug - Web only (No Unit test build)|Any CPU.ActiveCfg = Debug|Any CPU
		{F685A510-6DF8-4138-9759-B09CF3CF29D6}.Debug - Web only (No Unit test build)|Any CPU.Build.0 = Debug|Any CPU
		{F685A510-6DF8-4138-9759-B09CF3CF29D6}.Debug|Any CPU.ActiveCfg = Debug|Any CPU
		{F685A510-6DF8-4138-9759-B09CF3CF29D6}.Debug|Any CPU.Build.0 = Debug|Any CPU
		{F685A510-6DF8-4138-9759-B09CF3CF29D6}.DebugNoTests|Any CPU.ActiveCfg = Debug|Any CPU
		{F685A510-6DF8-4138-9759-B09CF3CF29D6}.DebugNoTests|Any CPU.Build.0 = Debug|Any CPU
		{F685A510-6DF8-4138-9759-B09CF3CF29D6}.DebugPlusNUnitTests|Any CPU.ActiveCfg = Debug|Any CPU
		{F685A510-6DF8-4138-9759-B09CF3CF29D6}.DebugPlusNUnitTests|Any CPU.Build.0 = Debug|Any CPU
		{F685A510-6DF8-4138-9759-B09CF3CF29D6}.Release|Any CPU.ActiveCfg = Release|Any CPU
		{F685A510-6DF8-4138-9759-B09CF3CF29D6}.Release|Any CPU.Build.0 = Release|Any CPU
		{F685A510-6DF8-4138-9759-B09CF3CF29D6}.ReleaseNoTests|Any CPU.ActiveCfg = Release|Any CPU
		{F685A510-6DF8-4138-9759-B09CF3CF29D6}.ReleaseNoTests|Any CPU.Build.0 = Release|Any CPU
		{9D4DA63D-8664-4602-918E-2F75B94F1BBA}.Alex-QueryDescriptionStackOnly|Any CPU.ActiveCfg = Release|Any CPU
		{9D4DA63D-8664-4602-918E-2F75B94F1BBA}.Alex-QueryDescriptionStackOnly|Any CPU.Build.0 = Release|Any CPU
		{9D4DA63D-8664-4602-918E-2F75B94F1BBA}.Debug - Tests.Cms Only|Any CPU.ActiveCfg = Debug|Any CPU
		{9D4DA63D-8664-4602-918E-2F75B94F1BBA}.Debug - Tests.DomainDesign Only|Any CPU.ActiveCfg = Debug|Any CPU
		{9D4DA63D-8664-4602-918E-2F75B94F1BBA}.Debug - Tests.DomainDesign Only|Any CPU.Build.0 = Debug|Any CPU
		{9D4DA63D-8664-4602-918E-2F75B94F1BBA}.Debug - Tests.Framework Only|Any CPU.ActiveCfg = Debug|x86
		{9D4DA63D-8664-4602-918E-2F75B94F1BBA}.Debug - Tests.Framework Only|Any CPU.Build.0 = Debug|x86
		{9D4DA63D-8664-4602-918E-2F75B94F1BBA}.Debug - Web only (No Unit test build)|Any CPU.ActiveCfg = Debug|Any CPU
		{9D4DA63D-8664-4602-918E-2F75B94F1BBA}.Debug|Any CPU.ActiveCfg = Debug|x86
		{9D4DA63D-8664-4602-918E-2F75B94F1BBA}.Debug|Any CPU.Build.0 = Debug|x86
		{9D4DA63D-8664-4602-918E-2F75B94F1BBA}.DebugNoTests|Any CPU.ActiveCfg = Debug|Any CPU
		{9D4DA63D-8664-4602-918E-2F75B94F1BBA}.DebugNoTests|Any CPU.Build.0 = Debug|Any CPU
		{9D4DA63D-8664-4602-918E-2F75B94F1BBA}.DebugPlusNUnitTests|Any CPU.ActiveCfg = Debug|x86
		{9D4DA63D-8664-4602-918E-2F75B94F1BBA}.DebugPlusNUnitTests|Any CPU.Build.0 = Debug|x86
		{9D4DA63D-8664-4602-918E-2F75B94F1BBA}.Release|Any CPU.ActiveCfg = Release|x86
		{9D4DA63D-8664-4602-918E-2F75B94F1BBA}.Release|Any CPU.Build.0 = Release|x86
		{9D4DA63D-8664-4602-918E-2F75B94F1BBA}.ReleaseNoTests|Any CPU.ActiveCfg = Release|Any CPU
		{68AC9679-2439-4DA9-86BC-E36579594EFB}.Alex-QueryDescriptionStackOnly|Any CPU.ActiveCfg = Release|Any CPU
		{68AC9679-2439-4DA9-86BC-E36579594EFB}.Alex-QueryDescriptionStackOnly|Any CPU.Build.0 = Release|Any CPU
		{68AC9679-2439-4DA9-86BC-E36579594EFB}.Debug - Tests.Cms Only|Any CPU.ActiveCfg = Debug|Any CPU
		{68AC9679-2439-4DA9-86BC-E36579594EFB}.Debug - Tests.Cms Only|Any CPU.Build.0 = Debug|Any CPU
		{68AC9679-2439-4DA9-86BC-E36579594EFB}.Debug - Tests.DomainDesign Only|Any CPU.ActiveCfg = Debug|Any CPU
		{68AC9679-2439-4DA9-86BC-E36579594EFB}.Debug - Tests.DomainDesign Only|Any CPU.Build.0 = Debug|Any CPU
		{68AC9679-2439-4DA9-86BC-E36579594EFB}.Debug - Tests.Framework Only|Any CPU.ActiveCfg = Debug|Any CPU
		{68AC9679-2439-4DA9-86BC-E36579594EFB}.Debug - Tests.Framework Only|Any CPU.Build.0 = Debug|Any CPU
		{68AC9679-2439-4DA9-86BC-E36579594EFB}.Debug - Web only (No Unit test build)|Any CPU.ActiveCfg = Debug|Any CPU
		{68AC9679-2439-4DA9-86BC-E36579594EFB}.Debug|Any CPU.ActiveCfg = Debug|Any CPU
		{68AC9679-2439-4DA9-86BC-E36579594EFB}.Debug|Any CPU.Build.0 = Debug|Any CPU
		{68AC9679-2439-4DA9-86BC-E36579594EFB}.DebugNoTests|Any CPU.ActiveCfg = Debug|Any CPU
		{68AC9679-2439-4DA9-86BC-E36579594EFB}.DebugNoTests|Any CPU.Build.0 = Debug|Any CPU
		{68AC9679-2439-4DA9-86BC-E36579594EFB}.DebugPlusNUnitTests|Any CPU.ActiveCfg = Debug|Any CPU
		{68AC9679-2439-4DA9-86BC-E36579594EFB}.DebugPlusNUnitTests|Any CPU.Build.0 = Debug|Any CPU
		{68AC9679-2439-4DA9-86BC-E36579594EFB}.Release|Any CPU.ActiveCfg = Release|Any CPU
		{68AC9679-2439-4DA9-86BC-E36579594EFB}.Release|Any CPU.Build.0 = Release|Any CPU
		{68AC9679-2439-4DA9-86BC-E36579594EFB}.ReleaseNoTests|Any CPU.ActiveCfg = Release|Any CPU
		{68AC9679-2439-4DA9-86BC-E36579594EFB}.ReleaseNoTests|Any CPU.Build.0 = Release|Any CPU
		{72EBBDF6-24FE-4B6D-B1B5-001D8A96AACE}.Alex-QueryDescriptionStackOnly|Any CPU.ActiveCfg = Release|Any CPU
		{72EBBDF6-24FE-4B6D-B1B5-001D8A96AACE}.Alex-QueryDescriptionStackOnly|Any CPU.Build.0 = Release|Any CPU
		{72EBBDF6-24FE-4B6D-B1B5-001D8A96AACE}.Debug - Tests.Cms Only|Any CPU.ActiveCfg = Debug|Any CPU
		{72EBBDF6-24FE-4B6D-B1B5-001D8A96AACE}.Debug - Tests.Cms Only|Any CPU.Build.0 = Debug|Any CPU
		{72EBBDF6-24FE-4B6D-B1B5-001D8A96AACE}.Debug - Tests.DomainDesign Only|Any CPU.ActiveCfg = Debug|Any CPU
		{72EBBDF6-24FE-4B6D-B1B5-001D8A96AACE}.Debug - Tests.DomainDesign Only|Any CPU.Build.0 = Debug|Any CPU
		{72EBBDF6-24FE-4B6D-B1B5-001D8A96AACE}.Debug - Tests.Framework Only|Any CPU.ActiveCfg = Debug|Any CPU
		{72EBBDF6-24FE-4B6D-B1B5-001D8A96AACE}.Debug - Tests.Framework Only|Any CPU.Build.0 = Debug|Any CPU
		{72EBBDF6-24FE-4B6D-B1B5-001D8A96AACE}.Debug - Web only (No Unit test build)|Any CPU.ActiveCfg = Debug|Any CPU
		{72EBBDF6-24FE-4B6D-B1B5-001D8A96AACE}.Debug - Web only (No Unit test build)|Any CPU.Build.0 = Debug|Any CPU
		{72EBBDF6-24FE-4B6D-B1B5-001D8A96AACE}.Debug|Any CPU.ActiveCfg = Debug|Any CPU
		{72EBBDF6-24FE-4B6D-B1B5-001D8A96AACE}.Debug|Any CPU.Build.0 = Debug|Any CPU
		{72EBBDF6-24FE-4B6D-B1B5-001D8A96AACE}.DebugNoTests|Any CPU.ActiveCfg = Debug|Any CPU
		{72EBBDF6-24FE-4B6D-B1B5-001D8A96AACE}.DebugNoTests|Any CPU.Build.0 = Debug|Any CPU
		{72EBBDF6-24FE-4B6D-B1B5-001D8A96AACE}.DebugPlusNUnitTests|Any CPU.ActiveCfg = Debug|Any CPU
		{72EBBDF6-24FE-4B6D-B1B5-001D8A96AACE}.DebugPlusNUnitTests|Any CPU.Build.0 = Debug|Any CPU
		{72EBBDF6-24FE-4B6D-B1B5-001D8A96AACE}.Release|Any CPU.ActiveCfg = Release|Any CPU
		{72EBBDF6-24FE-4B6D-B1B5-001D8A96AACE}.Release|Any CPU.Build.0 = Release|Any CPU
		{72EBBDF6-24FE-4B6D-B1B5-001D8A96AACE}.ReleaseNoTests|Any CPU.ActiveCfg = Release|Any CPU
		{72EBBDF6-24FE-4B6D-B1B5-001D8A96AACE}.ReleaseNoTests|Any CPU.Build.0 = Release|Any CPU
		{B3CD7F2C-D4BE-4731-8D0E-607E571649AD}.Alex-QueryDescriptionStackOnly|Any CPU.ActiveCfg = DebugNoTests|Any CPU
		{B3CD7F2C-D4BE-4731-8D0E-607E571649AD}.Alex-QueryDescriptionStackOnly|Any CPU.Build.0 = DebugNoTests|Any CPU
		{B3CD7F2C-D4BE-4731-8D0E-607E571649AD}.Debug - Tests.Cms Only|Any CPU.ActiveCfg = DebugNoTests|Any CPU
		{B3CD7F2C-D4BE-4731-8D0E-607E571649AD}.Debug - Tests.Cms Only|Any CPU.Build.0 = DebugNoTests|Any CPU
		{B3CD7F2C-D4BE-4731-8D0E-607E571649AD}.Debug - Tests.DomainDesign Only|Any CPU.ActiveCfg = DebugNoTests|Any CPU
		{B3CD7F2C-D4BE-4731-8D0E-607E571649AD}.Debug - Tests.DomainDesign Only|Any CPU.Build.0 = DebugNoTests|Any CPU
		{B3CD7F2C-D4BE-4731-8D0E-607E571649AD}.Debug - Tests.Framework Only|Any CPU.ActiveCfg = Debug|Any CPU
		{B3CD7F2C-D4BE-4731-8D0E-607E571649AD}.Debug - Tests.Framework Only|Any CPU.Build.0 = Debug|Any CPU
		{B3CD7F2C-D4BE-4731-8D0E-607E571649AD}.Debug - Web only (No Unit test build)|Any CPU.ActiveCfg = DebugNoTests|Any CPU
		{B3CD7F2C-D4BE-4731-8D0E-607E571649AD}.Debug - Web only (No Unit test build)|Any CPU.Build.0 = DebugNoTests|Any CPU
		{B3CD7F2C-D4BE-4731-8D0E-607E571649AD}.Debug|Any CPU.ActiveCfg = Debug|Any CPU
		{B3CD7F2C-D4BE-4731-8D0E-607E571649AD}.Debug|Any CPU.Build.0 = Debug|Any CPU
		{B3CD7F2C-D4BE-4731-8D0E-607E571649AD}.DebugNoTests|Any CPU.ActiveCfg = DebugNoTests|Any CPU
		{B3CD7F2C-D4BE-4731-8D0E-607E571649AD}.DebugNoTests|Any CPU.Build.0 = DebugNoTests|Any CPU
		{B3CD7F2C-D4BE-4731-8D0E-607E571649AD}.DebugPlusNUnitTests|Any CPU.ActiveCfg = DebugNoTests|Any CPU
		{B3CD7F2C-D4BE-4731-8D0E-607E571649AD}.DebugPlusNUnitTests|Any CPU.Build.0 = DebugNoTests|Any CPU
		{B3CD7F2C-D4BE-4731-8D0E-607E571649AD}.Release|Any CPU.ActiveCfg = Release|Any CPU
		{B3CD7F2C-D4BE-4731-8D0E-607E571649AD}.Release|Any CPU.Build.0 = Release|Any CPU
		{B3CD7F2C-D4BE-4731-8D0E-607E571649AD}.ReleaseNoTests|Any CPU.ActiveCfg = Release|Any CPU
		{B3CD7F2C-D4BE-4731-8D0E-607E571649AD}.ReleaseNoTests|Any CPU.Build.0 = Release|Any CPU
		{C2E8F096-9E07-429F-B22D-D13D63154893}.Alex-QueryDescriptionStackOnly|Any CPU.ActiveCfg = Release|Any CPU
		{C2E8F096-9E07-429F-B22D-D13D63154893}.Alex-QueryDescriptionStackOnly|Any CPU.Build.0 = Release|Any CPU
		{C2E8F096-9E07-429F-B22D-D13D63154893}.Debug - Tests.Cms Only|Any CPU.ActiveCfg = Debug|Any CPU
		{C2E8F096-9E07-429F-B22D-D13D63154893}.Debug - Tests.Cms Only|Any CPU.Build.0 = Debug|Any CPU
		{C2E8F096-9E07-429F-B22D-D13D63154893}.Debug - Tests.DomainDesign Only|Any CPU.ActiveCfg = Debug|Any CPU
		{C2E8F096-9E07-429F-B22D-D13D63154893}.Debug - Tests.DomainDesign Only|Any CPU.Build.0 = Debug|Any CPU
		{C2E8F096-9E07-429F-B22D-D13D63154893}.Debug - Tests.Framework Only|Any CPU.ActiveCfg = Debug|Any CPU
		{C2E8F096-9E07-429F-B22D-D13D63154893}.Debug - Tests.Framework Only|Any CPU.Build.0 = Debug|Any CPU
		{C2E8F096-9E07-429F-B22D-D13D63154893}.Debug - Web only (No Unit test build)|Any CPU.ActiveCfg = Debug|Any CPU
		{C2E8F096-9E07-429F-B22D-D13D63154893}.Debug|Any CPU.ActiveCfg = Debug|Any CPU
		{C2E8F096-9E07-429F-B22D-D13D63154893}.Debug|Any CPU.Build.0 = Debug|Any CPU
		{C2E8F096-9E07-429F-B22D-D13D63154893}.DebugNoTests|Any CPU.ActiveCfg = Debug|Any CPU
		{C2E8F096-9E07-429F-B22D-D13D63154893}.DebugNoTests|Any CPU.Build.0 = Debug|Any CPU
		{C2E8F096-9E07-429F-B22D-D13D63154893}.DebugPlusNUnitTests|Any CPU.ActiveCfg = Debug|Any CPU
		{C2E8F096-9E07-429F-B22D-D13D63154893}.DebugPlusNUnitTests|Any CPU.Build.0 = Debug|Any CPU
		{C2E8F096-9E07-429F-B22D-D13D63154893}.Release|Any CPU.ActiveCfg = Release|Any CPU
		{C2E8F096-9E07-429F-B22D-D13D63154893}.Release|Any CPU.Build.0 = Release|Any CPU
		{C2E8F096-9E07-429F-B22D-D13D63154893}.ReleaseNoTests|Any CPU.ActiveCfg = Release|Any CPU
		{C2E8F096-9E07-429F-B22D-D13D63154893}.ReleaseNoTests|Any CPU.Build.0 = Release|Any CPU
		{D06CBA96-0135-4132-8CA1-4E171766FAB9}.Alex-QueryDescriptionStackOnly|Any CPU.ActiveCfg = Release|Any CPU
		{D06CBA96-0135-4132-8CA1-4E171766FAB9}.Alex-QueryDescriptionStackOnly|Any CPU.Build.0 = Release|Any CPU
		{D06CBA96-0135-4132-8CA1-4E171766FAB9}.Debug - Tests.Cms Only|Any CPU.ActiveCfg = Debug|Any CPU
		{D06CBA96-0135-4132-8CA1-4E171766FAB9}.Debug - Tests.Cms Only|Any CPU.Build.0 = Debug|Any CPU
		{D06CBA96-0135-4132-8CA1-4E171766FAB9}.Debug - Tests.DomainDesign Only|Any CPU.ActiveCfg = Debug|Any CPU
		{D06CBA96-0135-4132-8CA1-4E171766FAB9}.Debug - Tests.DomainDesign Only|Any CPU.Build.0 = Debug|Any CPU
		{D06CBA96-0135-4132-8CA1-4E171766FAB9}.Debug - Tests.Framework Only|Any CPU.ActiveCfg = Debug|Any CPU
		{D06CBA96-0135-4132-8CA1-4E171766FAB9}.Debug - Tests.Framework Only|Any CPU.Build.0 = Debug|Any CPU
		{D06CBA96-0135-4132-8CA1-4E171766FAB9}.Debug - Web only (No Unit test build)|Any CPU.ActiveCfg = Debug|Any CPU
		{D06CBA96-0135-4132-8CA1-4E171766FAB9}.Debug - Web only (No Unit test build)|Any CPU.Build.0 = Debug|Any CPU
		{D06CBA96-0135-4132-8CA1-4E171766FAB9}.Debug|Any CPU.ActiveCfg = Debug|Any CPU
		{D06CBA96-0135-4132-8CA1-4E171766FAB9}.Debug|Any CPU.Build.0 = Debug|Any CPU
		{D06CBA96-0135-4132-8CA1-4E171766FAB9}.DebugNoTests|Any CPU.ActiveCfg = Debug|Any CPU
		{D06CBA96-0135-4132-8CA1-4E171766FAB9}.DebugNoTests|Any CPU.Build.0 = Debug|Any CPU
		{D06CBA96-0135-4132-8CA1-4E171766FAB9}.DebugPlusNUnitTests|Any CPU.ActiveCfg = Debug|Any CPU
		{D06CBA96-0135-4132-8CA1-4E171766FAB9}.DebugPlusNUnitTests|Any CPU.Build.0 = Debug|Any CPU
		{D06CBA96-0135-4132-8CA1-4E171766FAB9}.Release|Any CPU.ActiveCfg = Release|Any CPU
		{D06CBA96-0135-4132-8CA1-4E171766FAB9}.Release|Any CPU.Build.0 = Release|Any CPU
		{D06CBA96-0135-4132-8CA1-4E171766FAB9}.ReleaseNoTests|Any CPU.ActiveCfg = Release|Any CPU
		{D06CBA96-0135-4132-8CA1-4E171766FAB9}.ReleaseNoTests|Any CPU.Build.0 = Release|Any CPU
		{0A2B414C-DF72-4C82-B473-F32F6FCC4A42}.Alex-QueryDescriptionStackOnly|Any CPU.ActiveCfg = Release|Any CPU
		{0A2B414C-DF72-4C82-B473-F32F6FCC4A42}.Alex-QueryDescriptionStackOnly|Any CPU.Build.0 = Release|Any CPU
		{0A2B414C-DF72-4C82-B473-F32F6FCC4A42}.Debug - Tests.Cms Only|Any CPU.ActiveCfg = Debug|Any CPU
		{0A2B414C-DF72-4C82-B473-F32F6FCC4A42}.Debug - Tests.Cms Only|Any CPU.Build.0 = Debug|Any CPU
		{0A2B414C-DF72-4C82-B473-F32F6FCC4A42}.Debug - Tests.DomainDesign Only|Any CPU.ActiveCfg = Debug|Any CPU
		{0A2B414C-DF72-4C82-B473-F32F6FCC4A42}.Debug - Tests.DomainDesign Only|Any CPU.Build.0 = Debug|Any CPU
		{0A2B414C-DF72-4C82-B473-F32F6FCC4A42}.Debug - Tests.Framework Only|Any CPU.ActiveCfg = Debug|Any CPU
		{0A2B414C-DF72-4C82-B473-F32F6FCC4A42}.Debug - Tests.Framework Only|Any CPU.Build.0 = Debug|Any CPU
		{0A2B414C-DF72-4C82-B473-F32F6FCC4A42}.Debug - Web only (No Unit test build)|Any CPU.ActiveCfg = Debug|Any CPU
		{0A2B414C-DF72-4C82-B473-F32F6FCC4A42}.Debug - Web only (No Unit test build)|Any CPU.Build.0 = Debug|Any CPU
		{0A2B414C-DF72-4C82-B473-F32F6FCC4A42}.Debug|Any CPU.ActiveCfg = Debug|Any CPU
		{0A2B414C-DF72-4C82-B473-F32F6FCC4A42}.Debug|Any CPU.Build.0 = Debug|Any CPU
		{0A2B414C-DF72-4C82-B473-F32F6FCC4A42}.DebugNoTests|Any CPU.ActiveCfg = Debug|Any CPU
		{0A2B414C-DF72-4C82-B473-F32F6FCC4A42}.DebugNoTests|Any CPU.Build.0 = Debug|Any CPU
		{0A2B414C-DF72-4C82-B473-F32F6FCC4A42}.DebugPlusNUnitTests|Any CPU.ActiveCfg = Debug|Any CPU
		{0A2B414C-DF72-4C82-B473-F32F6FCC4A42}.DebugPlusNUnitTests|Any CPU.Build.0 = Debug|Any CPU
		{0A2B414C-DF72-4C82-B473-F32F6FCC4A42}.Release|Any CPU.ActiveCfg = Release|Any CPU
		{0A2B414C-DF72-4C82-B473-F32F6FCC4A42}.Release|Any CPU.Build.0 = Release|Any CPU
		{0A2B414C-DF72-4C82-B473-F32F6FCC4A42}.ReleaseNoTests|Any CPU.ActiveCfg = Release|Any CPU
		{0A2B414C-DF72-4C82-B473-F32F6FCC4A42}.ReleaseNoTests|Any CPU.Build.0 = Release|Any CPU
	EndGlobalSection
	GlobalSection(SolutionProperties) = preSolution
		HideSolutionNode = FALSE
	EndGlobalSection
	GlobalSection(NestedProjects) = preSolution
		{26A70ABF-3C79-463A-A950-DDF5400DFC2A} = {3F29D317-91A3-491F-963E-4C5E349DD237}
		{4D3D2E41-6977-47B8-BD87-45ABFB7F60D3} = {3F29D317-91A3-491F-963E-4C5E349DD237}
		{9D4DA63D-8664-4602-918E-2F75B94F1BBA} = {3F29D317-91A3-491F-963E-4C5E349DD237}
		{6B0F8E7A-FFD4-4C93-9E40-F591383EDB57} = {AA754A15-A257-499C-AE34-3101B8C9120A}
		{5420EF90-DA2F-405F-A0EC-18FBED4B4438} = {AA754A15-A257-499C-AE34-3101B8C9120A}
		{178FC7BB-05AA-4AC1-8A0F-0AB2CBEADD9A} = {AA754A15-A257-499C-AE34-3101B8C9120A}
		{E119331A-011C-4EDB-8840-A52AFCDF5CD1} = {AA754A15-A257-499C-AE34-3101B8C9120A}
		{72EBBDF6-24FE-4B6D-B1B5-001D8A96AACE} = {AA754A15-A257-499C-AE34-3101B8C9120A}
		{B3CD7F2C-D4BE-4731-8D0E-607E571649AD} = {AA754A15-A257-499C-AE34-3101B8C9120A}
		{C2E8F096-9E07-429F-B22D-D13D63154893} = {AA754A15-A257-499C-AE34-3101B8C9120A}
		{50CAFAC4-AD8B-41D3-99BF-DB20DCD3CFFE} = {B7CBF667-299F-431C-9083-33AF96439F9D}
		{23078C45-56CA-4F7A-99A2-0B2B677A56E7} = {B7CBF667-299F-431C-9083-33AF96439F9D}
		{8E44FCAB-2597-48F9-8F88-984DD47787C5} = {AE7D03D3-6DCF-41F1-915D-8183C8336383}
		{F685A510-6DF8-4138-9759-B09CF3CF29D6} = {AE7D03D3-6DCF-41F1-915D-8183C8336383}
		{0A2B414C-DF72-4C82-B473-F32F6FCC4A42} = {AE7D03D3-6DCF-41F1-915D-8183C8336383}
		{68AC9679-2439-4DA9-86BC-E36579594EFB} = {A3F21908-ACBB-4278-9761-F4FA31659BB0}
	EndGlobalSection
EndGlobal
