
Microsoft Visual Studio Solution File, Format Version 11.00
# Visual Studio 2010
Project("{FAE04EC0-301F-11D3-BF4B-00C04F79EFBC}") = "Umbraco.Framework", "Libraries\Umbraco.Framework\Umbraco.Framework.csproj", "{6B0F8E7A-FFD4-4C93-9E40-F591383EDB57}"
EndProject
Project("{FAE04EC0-301F-11D3-BF4B-00C04F79EFBC}") = "Umbraco.Framework.IO", "Libraries\Umbraco.Framework.IO\Umbraco.Framework.IO.csproj", "{F2A3BD62-F4E4-4A76-BE69-5D274C688625}"
EndProject
Project("{FAE04EC0-301F-11D3-BF4B-00C04F79EFBC}") = "Umbraco.Framework.Persistence", "Libraries\Umbraco.Framework.Persistence\Umbraco.Framework.Persistence.csproj", "{178FC7BB-05AA-4AC1-8A0F-0AB2CBEADD9A}"
EndProject
Project("{FAE04EC0-301F-11D3-BF4B-00C04F79EFBC}") = "Umbraco.Framework.TypeMapping", "Libraries\Umbraco.Framework.TypeMapping\Umbraco.Framework.TypeMapping.csproj", "{96C9C834-519D-4A75-9DD6-54B5A4250BA1}"
EndProject
Project("{FAE04EC0-301F-11D3-BF4B-00C04F79EFBC}") = "Umbraco.Tests.Hive", "Testing\Umbraco.Tests.Hive\Umbraco.Tests.Hive.csproj", "{9D4DA63D-8664-4602-918E-2F75B94F1BBA}"
EndProject
Project("{FAE04EC0-301F-11D3-BF4B-00C04F79EFBC}") = "Umbraco.Hive", "Libraries\Umbraco.Hive\Umbraco.Hive.csproj", "{8E44FCAB-2597-48F9-8F88-984DD47787C5}"
EndProject
Project("{FAE04EC0-301F-11D3-BF4B-00C04F79EFBC}") = "Umbraco.Hive.Providers.IO", "Libraries\Umbraco.Hive.Providers.IO\Umbraco.Hive.Providers.IO.csproj", "{F685A510-6DF8-4138-9759-B09CF3CF29D6}"
EndProject
Project("{FAE04EC0-301F-11D3-BF4B-00C04F79EFBC}") = "Umbraco.Framework.Hive", "Libraries\Umbraco.Framework.Hive\Umbraco.Framework.Hive.csproj", "{C61A56D6-57F2-41F8-8542-683290E8369E}"
EndProject
Project("{FAE04EC0-301F-11D3-BF4B-00C04F79EFBC}") = "Umbraco.Framework.Persistence.NHibernate", "Libraries\Umbraco.Framework.Persistence.NHibernate\Umbraco.Framework.Persistence.NHibernate.csproj", "{E119331A-011C-4EDB-8840-A52AFCDF5CD1}"
EndProject
Global
	GlobalSection(SolutionConfigurationPlatforms) = preSolution
		Debug|Any CPU = Debug|Any CPU
		Debug|x64 = Debug|x64
		Debug|x86 = Debug|x86
		DebugForcex86|Any CPU = DebugForcex86|Any CPU
		DebugForcex86|x64 = DebugForcex86|x64
		DebugForcex86|x86 = DebugForcex86|x86
		DebugNoTests|Any CPU = DebugNoTests|Any CPU
		DebugNoTests|x64 = DebugNoTests|x64
		DebugNoTests|x86 = DebugNoTests|x86
		Release|Any CPU = Release|Any CPU
		Release|x64 = Release|x64
		Release|x86 = Release|x86
	EndGlobalSection
	GlobalSection(ProjectConfigurationPlatforms) = postSolution
		{6B0F8E7A-FFD4-4C93-9E40-F591383EDB57}.Debug|Any CPU.ActiveCfg = Debug|Any CPU
		{6B0F8E7A-FFD4-4C93-9E40-F591383EDB57}.Debug|Any CPU.Build.0 = Debug|Any CPU
		{6B0F8E7A-FFD4-4C93-9E40-F591383EDB57}.Debug|x64.ActiveCfg = Debug|x64
		{6B0F8E7A-FFD4-4C93-9E40-F591383EDB57}.Debug|x64.Build.0 = Debug|x64
		{6B0F8E7A-FFD4-4C93-9E40-F591383EDB57}.Debug|x86.ActiveCfg = Debug|x86
		{6B0F8E7A-FFD4-4C93-9E40-F591383EDB57}.Debug|x86.Build.0 = Debug|x86
		{6B0F8E7A-FFD4-4C93-9E40-F591383EDB57}.DebugForcex86|Any CPU.ActiveCfg = DebugForcex86|Any CPU
		{6B0F8E7A-FFD4-4C93-9E40-F591383EDB57}.DebugForcex86|Any CPU.Build.0 = DebugForcex86|Any CPU
		{6B0F8E7A-FFD4-4C93-9E40-F591383EDB57}.DebugForcex86|x64.ActiveCfg = DebugForcex86|x64
		{6B0F8E7A-FFD4-4C93-9E40-F591383EDB57}.DebugForcex86|x64.Build.0 = DebugForcex86|x64
		{6B0F8E7A-FFD4-4C93-9E40-F591383EDB57}.DebugForcex86|x86.ActiveCfg = DebugForcex86|x86
		{6B0F8E7A-FFD4-4C93-9E40-F591383EDB57}.DebugForcex86|x86.Build.0 = DebugForcex86|x86
		{6B0F8E7A-FFD4-4C93-9E40-F591383EDB57}.DebugNoTests|Any CPU.ActiveCfg = DebugNoTests|Any CPU
		{6B0F8E7A-FFD4-4C93-9E40-F591383EDB57}.DebugNoTests|Any CPU.Build.0 = DebugNoTests|Any CPU
		{6B0F8E7A-FFD4-4C93-9E40-F591383EDB57}.DebugNoTests|x64.ActiveCfg = DebugNoTests|x64
		{6B0F8E7A-FFD4-4C93-9E40-F591383EDB57}.DebugNoTests|x64.Build.0 = DebugNoTests|x64
		{6B0F8E7A-FFD4-4C93-9E40-F591383EDB57}.DebugNoTests|x86.ActiveCfg = DebugNoTests|x86
		{6B0F8E7A-FFD4-4C93-9E40-F591383EDB57}.DebugNoTests|x86.Build.0 = DebugNoTests|x86
		{6B0F8E7A-FFD4-4C93-9E40-F591383EDB57}.Release|Any CPU.ActiveCfg = Release|Any CPU
		{6B0F8E7A-FFD4-4C93-9E40-F591383EDB57}.Release|Any CPU.Build.0 = Release|Any CPU
		{6B0F8E7A-FFD4-4C93-9E40-F591383EDB57}.Release|x64.ActiveCfg = Release|x64
		{6B0F8E7A-FFD4-4C93-9E40-F591383EDB57}.Release|x64.Build.0 = Release|x64
		{6B0F8E7A-FFD4-4C93-9E40-F591383EDB57}.Release|x86.ActiveCfg = Release|x86
		{6B0F8E7A-FFD4-4C93-9E40-F591383EDB57}.Release|x86.Build.0 = Release|x86
		{F2A3BD62-F4E4-4A76-BE69-5D274C688625}.Debug|Any CPU.ActiveCfg = Debug|Any CPU
		{F2A3BD62-F4E4-4A76-BE69-5D274C688625}.Debug|Any CPU.Build.0 = Debug|Any CPU
		{F2A3BD62-F4E4-4A76-BE69-5D274C688625}.Debug|x64.ActiveCfg = Debug|x64
		{F2A3BD62-F4E4-4A76-BE69-5D274C688625}.Debug|x64.Build.0 = Debug|x64
		{F2A3BD62-F4E4-4A76-BE69-5D274C688625}.Debug|x86.ActiveCfg = Debug|x86
		{F2A3BD62-F4E4-4A76-BE69-5D274C688625}.Debug|x86.Build.0 = Debug|x86
		{F2A3BD62-F4E4-4A76-BE69-5D274C688625}.DebugForcex86|Any CPU.ActiveCfg = DebugForcex86|Any CPU
		{F2A3BD62-F4E4-4A76-BE69-5D274C688625}.DebugForcex86|Any CPU.Build.0 = DebugForcex86|Any CPU
		{F2A3BD62-F4E4-4A76-BE69-5D274C688625}.DebugForcex86|x64.ActiveCfg = DebugForcex86|x64
		{F2A3BD62-F4E4-4A76-BE69-5D274C688625}.DebugForcex86|x64.Build.0 = DebugForcex86|x64
		{F2A3BD62-F4E4-4A76-BE69-5D274C688625}.DebugForcex86|x86.ActiveCfg = DebugForcex86|x86
		{F2A3BD62-F4E4-4A76-BE69-5D274C688625}.DebugForcex86|x86.Build.0 = DebugForcex86|x86
		{F2A3BD62-F4E4-4A76-BE69-5D274C688625}.DebugNoTests|Any CPU.ActiveCfg = DebugNoTests|Any CPU
		{F2A3BD62-F4E4-4A76-BE69-5D274C688625}.DebugNoTests|Any CPU.Build.0 = DebugNoTests|Any CPU
		{F2A3BD62-F4E4-4A76-BE69-5D274C688625}.DebugNoTests|x64.ActiveCfg = DebugNoTests|x64
		{F2A3BD62-F4E4-4A76-BE69-5D274C688625}.DebugNoTests|x64.Build.0 = DebugNoTests|x64
		{F2A3BD62-F4E4-4A76-BE69-5D274C688625}.DebugNoTests|x86.ActiveCfg = DebugNoTests|x86
		{F2A3BD62-F4E4-4A76-BE69-5D274C688625}.DebugNoTests|x86.Build.0 = DebugNoTests|x86
		{F2A3BD62-F4E4-4A76-BE69-5D274C688625}.Release|Any CPU.ActiveCfg = Release|Any CPU
		{F2A3BD62-F4E4-4A76-BE69-5D274C688625}.Release|Any CPU.Build.0 = Release|Any CPU
		{F2A3BD62-F4E4-4A76-BE69-5D274C688625}.Release|x64.ActiveCfg = Release|x64
		{F2A3BD62-F4E4-4A76-BE69-5D274C688625}.Release|x64.Build.0 = Release|x64
		{F2A3BD62-F4E4-4A76-BE69-5D274C688625}.Release|x86.ActiveCfg = Release|x86
		{F2A3BD62-F4E4-4A76-BE69-5D274C688625}.Release|x86.Build.0 = Release|x86
		{178FC7BB-05AA-4AC1-8A0F-0AB2CBEADD9A}.Debug|Any CPU.ActiveCfg = Debug|Any CPU
		{178FC7BB-05AA-4AC1-8A0F-0AB2CBEADD9A}.Debug|Any CPU.Build.0 = Debug|Any CPU
		{178FC7BB-05AA-4AC1-8A0F-0AB2CBEADD9A}.Debug|x64.ActiveCfg = Debug|x64
		{178FC7BB-05AA-4AC1-8A0F-0AB2CBEADD9A}.Debug|x64.Build.0 = Debug|x64
		{178FC7BB-05AA-4AC1-8A0F-0AB2CBEADD9A}.Debug|x86.ActiveCfg = Debug|x86
		{178FC7BB-05AA-4AC1-8A0F-0AB2CBEADD9A}.Debug|x86.Build.0 = Debug|x86
		{178FC7BB-05AA-4AC1-8A0F-0AB2CBEADD9A}.DebugForcex86|Any CPU.ActiveCfg = DebugForcex86|Any CPU
		{178FC7BB-05AA-4AC1-8A0F-0AB2CBEADD9A}.DebugForcex86|Any CPU.Build.0 = DebugForcex86|Any CPU
		{178FC7BB-05AA-4AC1-8A0F-0AB2CBEADD9A}.DebugForcex86|x64.ActiveCfg = DebugForcex86|x64
		{178FC7BB-05AA-4AC1-8A0F-0AB2CBEADD9A}.DebugForcex86|x64.Build.0 = DebugForcex86|x64
		{178FC7BB-05AA-4AC1-8A0F-0AB2CBEADD9A}.DebugForcex86|x86.ActiveCfg = DebugForcex86|x86
		{178FC7BB-05AA-4AC1-8A0F-0AB2CBEADD9A}.DebugForcex86|x86.Build.0 = DebugForcex86|x86
		{178FC7BB-05AA-4AC1-8A0F-0AB2CBEADD9A}.DebugNoTests|Any CPU.ActiveCfg = DebugNoTests|Any CPU
		{178FC7BB-05AA-4AC1-8A0F-0AB2CBEADD9A}.DebugNoTests|Any CPU.Build.0 = DebugNoTests|Any CPU
		{178FC7BB-05AA-4AC1-8A0F-0AB2CBEADD9A}.DebugNoTests|x64.ActiveCfg = DebugNoTests|x64
		{178FC7BB-05AA-4AC1-8A0F-0AB2CBEADD9A}.DebugNoTests|x64.Build.0 = DebugNoTests|x64
		{178FC7BB-05AA-4AC1-8A0F-0AB2CBEADD9A}.DebugNoTests|x86.ActiveCfg = DebugNoTests|x86
		{178FC7BB-05AA-4AC1-8A0F-0AB2CBEADD9A}.DebugNoTests|x86.Build.0 = DebugNoTests|x86
		{178FC7BB-05AA-4AC1-8A0F-0AB2CBEADD9A}.Release|Any CPU.ActiveCfg = Release|Any CPU
		{178FC7BB-05AA-4AC1-8A0F-0AB2CBEADD9A}.Release|Any CPU.Build.0 = Release|Any CPU
		{178FC7BB-05AA-4AC1-8A0F-0AB2CBEADD9A}.Release|x64.ActiveCfg = Release|x64
		{178FC7BB-05AA-4AC1-8A0F-0AB2CBEADD9A}.Release|x64.Build.0 = Release|x64
		{178FC7BB-05AA-4AC1-8A0F-0AB2CBEADD9A}.Release|x86.ActiveCfg = Release|x86
		{178FC7BB-05AA-4AC1-8A0F-0AB2CBEADD9A}.Release|x86.Build.0 = Release|x86
		{96C9C834-519D-4A75-9DD6-54B5A4250BA1}.Debug|Any CPU.ActiveCfg = Debug|Any CPU
		{96C9C834-519D-4A75-9DD6-54B5A4250BA1}.Debug|Any CPU.Build.0 = Debug|Any CPU
		{96C9C834-519D-4A75-9DD6-54B5A4250BA1}.Debug|x64.ActiveCfg = Debug|x64
		{96C9C834-519D-4A75-9DD6-54B5A4250BA1}.Debug|x64.Build.0 = Debug|x64
		{96C9C834-519D-4A75-9DD6-54B5A4250BA1}.Debug|x86.ActiveCfg = Debug|x86
		{96C9C834-519D-4A75-9DD6-54B5A4250BA1}.Debug|x86.Build.0 = Debug|x86
		{96C9C834-519D-4A75-9DD6-54B5A4250BA1}.DebugForcex86|Any CPU.ActiveCfg = DebugForcex86|Any CPU
		{96C9C834-519D-4A75-9DD6-54B5A4250BA1}.DebugForcex86|Any CPU.Build.0 = DebugForcex86|Any CPU
		{96C9C834-519D-4A75-9DD6-54B5A4250BA1}.DebugForcex86|x64.ActiveCfg = DebugForcex86|x64
		{96C9C834-519D-4A75-9DD6-54B5A4250BA1}.DebugForcex86|x64.Build.0 = DebugForcex86|x64
		{96C9C834-519D-4A75-9DD6-54B5A4250BA1}.DebugForcex86|x86.ActiveCfg = DebugForcex86|x86
		{96C9C834-519D-4A75-9DD6-54B5A4250BA1}.DebugForcex86|x86.Build.0 = DebugForcex86|x86
		{96C9C834-519D-4A75-9DD6-54B5A4250BA1}.DebugNoTests|Any CPU.ActiveCfg = DebugNoTests|Any CPU
		{96C9C834-519D-4A75-9DD6-54B5A4250BA1}.DebugNoTests|Any CPU.Build.0 = DebugNoTests|Any CPU
		{96C9C834-519D-4A75-9DD6-54B5A4250BA1}.DebugNoTests|x64.ActiveCfg = DebugNoTests|x64
		{96C9C834-519D-4A75-9DD6-54B5A4250BA1}.DebugNoTests|x64.Build.0 = DebugNoTests|x64
		{96C9C834-519D-4A75-9DD6-54B5A4250BA1}.DebugNoTests|x86.ActiveCfg = DebugNoTests|x86
		{96C9C834-519D-4A75-9DD6-54B5A4250BA1}.DebugNoTests|x86.Build.0 = DebugNoTests|x86
		{96C9C834-519D-4A75-9DD6-54B5A4250BA1}.Release|Any CPU.ActiveCfg = Release|Any CPU
		{96C9C834-519D-4A75-9DD6-54B5A4250BA1}.Release|Any CPU.Build.0 = Release|Any CPU
		{96C9C834-519D-4A75-9DD6-54B5A4250BA1}.Release|x64.ActiveCfg = Release|x64
		{96C9C834-519D-4A75-9DD6-54B5A4250BA1}.Release|x64.Build.0 = Release|x64
		{96C9C834-519D-4A75-9DD6-54B5A4250BA1}.Release|x86.ActiveCfg = Release|x86
		{96C9C834-519D-4A75-9DD6-54B5A4250BA1}.Release|x86.Build.0 = Release|x86
		{9D4DA63D-8664-4602-918E-2F75B94F1BBA}.Debug|Any CPU.ActiveCfg = Debug|Any CPU
		{9D4DA63D-8664-4602-918E-2F75B94F1BBA}.Debug|Any CPU.Build.0 = Debug|Any CPU
		{9D4DA63D-8664-4602-918E-2F75B94F1BBA}.Debug|x64.ActiveCfg = Debug|x64
		{9D4DA63D-8664-4602-918E-2F75B94F1BBA}.Debug|x64.Build.0 = Debug|x64
		{9D4DA63D-8664-4602-918E-2F75B94F1BBA}.Debug|x86.ActiveCfg = Debug|x86
		{9D4DA63D-8664-4602-918E-2F75B94F1BBA}.Debug|x86.Build.0 = Debug|x86
		{9D4DA63D-8664-4602-918E-2F75B94F1BBA}.DebugForcex86|Any CPU.ActiveCfg = DebugForcex86|Any CPU
		{9D4DA63D-8664-4602-918E-2F75B94F1BBA}.DebugForcex86|Any CPU.Build.0 = DebugForcex86|Any CPU
		{9D4DA63D-8664-4602-918E-2F75B94F1BBA}.DebugForcex86|x64.ActiveCfg = DebugForcex86|x64
		{9D4DA63D-8664-4602-918E-2F75B94F1BBA}.DebugForcex86|x64.Build.0 = DebugForcex86|x64
		{9D4DA63D-8664-4602-918E-2F75B94F1BBA}.DebugForcex86|x86.ActiveCfg = DebugForcex86|x86
		{9D4DA63D-8664-4602-918E-2F75B94F1BBA}.DebugForcex86|x86.Build.0 = DebugForcex86|x86
		{9D4DA63D-8664-4602-918E-2F75B94F1BBA}.DebugNoTests|Any CPU.ActiveCfg = Debug|Any CPU
		{9D4DA63D-8664-4602-918E-2F75B94F1BBA}.DebugNoTests|Any CPU.Build.0 = Debug|Any CPU
		{9D4DA63D-8664-4602-918E-2F75B94F1BBA}.DebugNoTests|x64.ActiveCfg = DebugForcex86|x64
		{9D4DA63D-8664-4602-918E-2F75B94F1BBA}.DebugNoTests|x64.Build.0 = DebugForcex86|x64
		{9D4DA63D-8664-4602-918E-2F75B94F1BBA}.DebugNoTests|x86.ActiveCfg = DebugForcex86|x64
		{9D4DA63D-8664-4602-918E-2F75B94F1BBA}.Release|Any CPU.ActiveCfg = Release|Any CPU
		{9D4DA63D-8664-4602-918E-2F75B94F1BBA}.Release|Any CPU.Build.0 = Release|Any CPU
		{9D4DA63D-8664-4602-918E-2F75B94F1BBA}.Release|x64.ActiveCfg = Release|x64
		{9D4DA63D-8664-4602-918E-2F75B94F1BBA}.Release|x64.Build.0 = Release|x64
		{9D4DA63D-8664-4602-918E-2F75B94F1BBA}.Release|x86.ActiveCfg = Release|x86
		{9D4DA63D-8664-4602-918E-2F75B94F1BBA}.Release|x86.Build.0 = Release|x86
		{8E44FCAB-2597-48F9-8F88-984DD47787C5}.Debug|Any CPU.ActiveCfg = Debug|Any CPU
		{8E44FCAB-2597-48F9-8F88-984DD47787C5}.Debug|Any CPU.Build.0 = Debug|Any CPU
		{8E44FCAB-2597-48F9-8F88-984DD47787C5}.Debug|x64.ActiveCfg = Debug|x64
		{8E44FCAB-2597-48F9-8F88-984DD47787C5}.Debug|x64.Build.0 = Debug|x64
		{8E44FCAB-2597-48F9-8F88-984DD47787C5}.Debug|x86.ActiveCfg = Debug|x86
		{8E44FCAB-2597-48F9-8F88-984DD47787C5}.Debug|x86.Build.0 = Debug|x86
		{8E44FCAB-2597-48F9-8F88-984DD47787C5}.DebugForcex86|Any CPU.ActiveCfg = DebugForcex86|Any CPU
		{8E44FCAB-2597-48F9-8F88-984DD47787C5}.DebugForcex86|Any CPU.Build.0 = DebugForcex86|Any CPU
		{8E44FCAB-2597-48F9-8F88-984DD47787C5}.DebugForcex86|x64.ActiveCfg = DebugForcex86|x64
		{8E44FCAB-2597-48F9-8F88-984DD47787C5}.DebugForcex86|x64.Build.0 = DebugForcex86|x64
		{8E44FCAB-2597-48F9-8F88-984DD47787C5}.DebugForcex86|x86.ActiveCfg = DebugForcex86|x86
		{8E44FCAB-2597-48F9-8F88-984DD47787C5}.DebugForcex86|x86.Build.0 = DebugForcex86|x86
		{8E44FCAB-2597-48F9-8F88-984DD47787C5}.DebugNoTests|Any CPU.ActiveCfg = Debug|Any CPU
		{8E44FCAB-2597-48F9-8F88-984DD47787C5}.DebugNoTests|Any CPU.Build.0 = Debug|Any CPU
		{8E44FCAB-2597-48F9-8F88-984DD47787C5}.DebugNoTests|x64.ActiveCfg = DebugForcex86|x64
		{8E44FCAB-2597-48F9-8F88-984DD47787C5}.DebugNoTests|x64.Build.0 = DebugForcex86|x64
		{8E44FCAB-2597-48F9-8F88-984DD47787C5}.DebugNoTests|x86.ActiveCfg = DebugForcex86|x64
		{8E44FCAB-2597-48F9-8F88-984DD47787C5}.Release|Any CPU.ActiveCfg = Release|Any CPU
		{8E44FCAB-2597-48F9-8F88-984DD47787C5}.Release|Any CPU.Build.0 = Release|Any CPU
		{8E44FCAB-2597-48F9-8F88-984DD47787C5}.Release|x64.ActiveCfg = Release|x64
		{8E44FCAB-2597-48F9-8F88-984DD47787C5}.Release|x64.Build.0 = Release|x64
		{8E44FCAB-2597-48F9-8F88-984DD47787C5}.Release|x86.ActiveCfg = Release|x86
		{8E44FCAB-2597-48F9-8F88-984DD47787C5}.Release|x86.Build.0 = Release|x86
		{F685A510-6DF8-4138-9759-B09CF3CF29D6}.Debug|Any CPU.ActiveCfg = Debug|Any CPU
		{F685A510-6DF8-4138-9759-B09CF3CF29D6}.Debug|Any CPU.Build.0 = Debug|Any CPU
		{F685A510-6DF8-4138-9759-B09CF3CF29D6}.Debug|x64.ActiveCfg = Debug|x64
		{F685A510-6DF8-4138-9759-B09CF3CF29D6}.Debug|x64.Build.0 = Debug|x64
		{F685A510-6DF8-4138-9759-B09CF3CF29D6}.Debug|x86.ActiveCfg = Debug|x86
		{F685A510-6DF8-4138-9759-B09CF3CF29D6}.Debug|x86.Build.0 = Debug|x86
		{F685A510-6DF8-4138-9759-B09CF3CF29D6}.DebugForcex86|Any CPU.ActiveCfg = DebugForcex86|Any CPU
		{F685A510-6DF8-4138-9759-B09CF3CF29D6}.DebugForcex86|Any CPU.Build.0 = DebugForcex86|Any CPU
		{F685A510-6DF8-4138-9759-B09CF3CF29D6}.DebugForcex86|x64.ActiveCfg = DebugForcex86|x64
		{F685A510-6DF8-4138-9759-B09CF3CF29D6}.DebugForcex86|x64.Build.0 = DebugForcex86|x64
		{F685A510-6DF8-4138-9759-B09CF3CF29D6}.DebugForcex86|x86.ActiveCfg = DebugForcex86|x86
		{F685A510-6DF8-4138-9759-B09CF3CF29D6}.DebugForcex86|x86.Build.0 = DebugForcex86|x86
		{F685A510-6DF8-4138-9759-B09CF3CF29D6}.DebugNoTests|Any CPU.ActiveCfg = Debug|Any CPU
		{F685A510-6DF8-4138-9759-B09CF3CF29D6}.DebugNoTests|Any CPU.Build.0 = Debug|Any CPU
		{F685A510-6DF8-4138-9759-B09CF3CF29D6}.DebugNoTests|x64.ActiveCfg = DebugForcex86|x64
		{F685A510-6DF8-4138-9759-B09CF3CF29D6}.DebugNoTests|x64.Build.0 = DebugForcex86|x64
		{F685A510-6DF8-4138-9759-B09CF3CF29D6}.DebugNoTests|x86.ActiveCfg = DebugForcex86|x64
		{F685A510-6DF8-4138-9759-B09CF3CF29D6}.Release|Any CPU.ActiveCfg = Release|Any CPU
		{F685A510-6DF8-4138-9759-B09CF3CF29D6}.Release|Any CPU.Build.0 = Release|Any CPU
		{F685A510-6DF8-4138-9759-B09CF3CF29D6}.Release|x64.ActiveCfg = Release|x64
		{F685A510-6DF8-4138-9759-B09CF3CF29D6}.Release|x64.Build.0 = Release|x64
		{F685A510-6DF8-4138-9759-B09CF3CF29D6}.Release|x86.ActiveCfg = Release|x86
		{F685A510-6DF8-4138-9759-B09CF3CF29D6}.Release|x86.Build.0 = Release|x86
		{C61A56D6-57F2-41F8-8542-683290E8369E}.Debug|Any CPU.ActiveCfg = Debug|Any CPU
		{C61A56D6-57F2-41F8-8542-683290E8369E}.Debug|Any CPU.Build.0 = Debug|Any CPU
		{C61A56D6-57F2-41F8-8542-683290E8369E}.Debug|x64.ActiveCfg = Debug|x64
		{C61A56D6-57F2-41F8-8542-683290E8369E}.Debug|x64.Build.0 = Debug|x64
		{C61A56D6-57F2-41F8-8542-683290E8369E}.Debug|x86.ActiveCfg = Debug|x86
		{C61A56D6-57F2-41F8-8542-683290E8369E}.Debug|x86.Build.0 = Debug|x86
		{C61A56D6-57F2-41F8-8542-683290E8369E}.DebugForcex86|Any CPU.ActiveCfg = DebugForcex86|Any CPU
		{C61A56D6-57F2-41F8-8542-683290E8369E}.DebugForcex86|Any CPU.Build.0 = DebugForcex86|Any CPU
		{C61A56D6-57F2-41F8-8542-683290E8369E}.DebugForcex86|x64.ActiveCfg = DebugForcex86|x64
		{C61A56D6-57F2-41F8-8542-683290E8369E}.DebugForcex86|x64.Build.0 = DebugForcex86|x64
		{C61A56D6-57F2-41F8-8542-683290E8369E}.DebugForcex86|x86.ActiveCfg = DebugForcex86|x86
		{C61A56D6-57F2-41F8-8542-683290E8369E}.DebugForcex86|x86.Build.0 = DebugForcex86|x86
		{C61A56D6-57F2-41F8-8542-683290E8369E}.DebugNoTests|Any CPU.ActiveCfg = DebugNoTests|Any CPU
		{C61A56D6-57F2-41F8-8542-683290E8369E}.DebugNoTests|Any CPU.Build.0 = DebugNoTests|Any CPU
		{C61A56D6-57F2-41F8-8542-683290E8369E}.DebugNoTests|x64.ActiveCfg = DebugNoTests|x64
		{C61A56D6-57F2-41F8-8542-683290E8369E}.DebugNoTests|x64.Build.0 = DebugNoTests|x64
		{C61A56D6-57F2-41F8-8542-683290E8369E}.DebugNoTests|x86.ActiveCfg = DebugNoTests|x86
		{C61A56D6-57F2-41F8-8542-683290E8369E}.DebugNoTests|x86.Build.0 = DebugNoTests|x86
		{C61A56D6-57F2-41F8-8542-683290E8369E}.Release|Any CPU.ActiveCfg = Release|Any CPU
		{C61A56D6-57F2-41F8-8542-683290E8369E}.Release|Any CPU.Build.0 = Release|Any CPU
		{C61A56D6-57F2-41F8-8542-683290E8369E}.Release|x64.ActiveCfg = Release|x64
		{C61A56D6-57F2-41F8-8542-683290E8369E}.Release|x64.Build.0 = Release|x64
		{C61A56D6-57F2-41F8-8542-683290E8369E}.Release|x86.ActiveCfg = Release|x86
		{C61A56D6-57F2-41F8-8542-683290E8369E}.Release|x86.Build.0 = Release|x86
		{E119331A-011C-4EDB-8840-A52AFCDF5CD1}.Debug|Any CPU.ActiveCfg = Debug|Any CPU
		{E119331A-011C-4EDB-8840-A52AFCDF5CD1}.Debug|Any CPU.Build.0 = Debug|Any CPU
		{E119331A-011C-4EDB-8840-A52AFCDF5CD1}.Debug|x64.ActiveCfg = Debug|x64
		{E119331A-011C-4EDB-8840-A52AFCDF5CD1}.Debug|x64.Build.0 = Debug|x64
		{E119331A-011C-4EDB-8840-A52AFCDF5CD1}.Debug|x86.ActiveCfg = Debug|x86
		{E119331A-011C-4EDB-8840-A52AFCDF5CD1}.Debug|x86.Build.0 = Debug|x86
		{E119331A-011C-4EDB-8840-A52AFCDF5CD1}.DebugForcex86|Any CPU.ActiveCfg = DebugForcex86|Any CPU
		{E119331A-011C-4EDB-8840-A52AFCDF5CD1}.DebugForcex86|Any CPU.Build.0 = DebugForcex86|Any CPU
		{E119331A-011C-4EDB-8840-A52AFCDF5CD1}.DebugForcex86|x64.ActiveCfg = DebugForcex86|x64
		{E119331A-011C-4EDB-8840-A52AFCDF5CD1}.DebugForcex86|x64.Build.0 = DebugForcex86|x64
		{E119331A-011C-4EDB-8840-A52AFCDF5CD1}.DebugForcex86|x86.ActiveCfg = DebugForcex86|x86
		{E119331A-011C-4EDB-8840-A52AFCDF5CD1}.DebugForcex86|x86.Build.0 = DebugForcex86|x86
		{E119331A-011C-4EDB-8840-A52AFCDF5CD1}.DebugNoTests|Any CPU.ActiveCfg = DebugNoTests|Any CPU
		{E119331A-011C-4EDB-8840-A52AFCDF5CD1}.DebugNoTests|Any CPU.Build.0 = DebugNoTests|Any CPU
		{E119331A-011C-4EDB-8840-A52AFCDF5CD1}.DebugNoTests|x64.ActiveCfg = DebugNoTests|x64
		{E119331A-011C-4EDB-8840-A52AFCDF5CD1}.DebugNoTests|x64.Build.0 = DebugNoTests|x64
		{E119331A-011C-4EDB-8840-A52AFCDF5CD1}.DebugNoTests|x86.ActiveCfg = DebugNoTests|x86
		{E119331A-011C-4EDB-8840-A52AFCDF5CD1}.DebugNoTests|x86.Build.0 = DebugNoTests|x86
		{E119331A-011C-4EDB-8840-A52AFCDF5CD1}.Release|Any CPU.ActiveCfg = Release|Any CPU
		{E119331A-011C-4EDB-8840-A52AFCDF5CD1}.Release|Any CPU.Build.0 = Release|Any CPU
		{E119331A-011C-4EDB-8840-A52AFCDF5CD1}.Release|x64.ActiveCfg = Release|x64
		{E119331A-011C-4EDB-8840-A52AFCDF5CD1}.Release|x64.Build.0 = Release|x64
		{E119331A-011C-4EDB-8840-A52AFCDF5CD1}.Release|x86.ActiveCfg = Release|x86
		{E119331A-011C-4EDB-8840-A52AFCDF5CD1}.Release|x86.Build.0 = Release|x86
	EndGlobalSection
	GlobalSection(SolutionProperties) = preSolution
		HideSolutionNode = FALSE
	EndGlobalSection
EndGlobal
